// !$*UTF8*$!
{
	archiveVersion = 1;
	classes = {
	};
	objectVersion = 56;
	objects = {

/* Begin PBXBuildFile section */
		F7074F102A7AD16C0055B5A8 /* TodoSwiftUI_tvOSApp.swift in Sources */ = {isa = PBXBuildFile; fileRef = F7074F0F2A7AD16C0055B5A8 /* TodoSwiftUI_tvOSApp.swift */; };
		F7074F122A7AD16C0055B5A8 /* ContentView.swift in Sources */ = {isa = PBXBuildFile; fileRef = F7074F112A7AD16C0055B5A8 /* ContentView.swift */; };
		F7074F142A7AD16E0055B5A8 /* Assets.xcassets in Resources */ = {isa = PBXBuildFile; fileRef = F7074F132A7AD16E0055B5A8 /* Assets.xcassets */; };
		F7074F172A7AD16E0055B5A8 /* Preview Assets.xcassets in Resources */ = {isa = PBXBuildFile; fileRef = F7074F162A7AD16E0055B5A8 /* Preview Assets.xcassets */; };
		F73D534F2A7AD25300E6DD91 /* TodoSwiftUI_macOSApp.swift in Sources */ = {isa = PBXBuildFile; fileRef = F73D534E2A7AD25300E6DD91 /* TodoSwiftUI_macOSApp.swift */; };
		F73D53512A7AD25300E6DD91 /* ContentView.swift in Sources */ = {isa = PBXBuildFile; fileRef = F73D53502A7AD25300E6DD91 /* ContentView.swift */; };
		F73D53532A7AD25500E6DD91 /* Assets.xcassets in Resources */ = {isa = PBXBuildFile; fileRef = F73D53522A7AD25500E6DD91 /* Assets.xcassets */; };
		F73D53562A7AD25500E6DD91 /* Preview Assets.xcassets in Resources */ = {isa = PBXBuildFile; fileRef = F73D53552A7AD25500E6DD91 /* Preview Assets.xcassets */; };
		F76C6A732A7AD378006918D8 /* TodoSwiftUI_watchOSApp.swift in Sources */ = {isa = PBXBuildFile; fileRef = F76C6A722A7AD378006918D8 /* TodoSwiftUI_watchOSApp.swift */; };
		F76C6A752A7AD378006918D8 /* ContentView.swift in Sources */ = {isa = PBXBuildFile; fileRef = F76C6A742A7AD378006918D8 /* ContentView.swift */; };
		F76C6A772A7AD37A006918D8 /* Assets.xcassets in Resources */ = {isa = PBXBuildFile; fileRef = F76C6A762A7AD37A006918D8 /* Assets.xcassets */; };
		F76C6A7A2A7AD37A006918D8 /* Preview Assets.xcassets in Resources */ = {isa = PBXBuildFile; fileRef = F76C6A792A7AD37A006918D8 /* Preview Assets.xcassets */; };
		F7742E5D2A83423700C81A77 /* TodoSwiftUI_macOS_MenuBar_AppApp.swift in Sources */ = {isa = PBXBuildFile; fileRef = F7742E5C2A83423700C81A77 /* TodoSwiftUI_macOS_MenuBar_AppApp.swift */; };
		F7742E5F2A83423700C81A77 /* ContentView.swift in Sources */ = {isa = PBXBuildFile; fileRef = F7742E5E2A83423700C81A77 /* ContentView.swift */; };
		F7742E612A83423A00C81A77 /* Assets.xcassets in Resources */ = {isa = PBXBuildFile; fileRef = F7742E602A83423A00C81A77 /* Assets.xcassets */; };
		F7742E642A83423A00C81A77 /* Preview Assets.xcassets in Resources */ = {isa = PBXBuildFile; fileRef = F7742E632A83423A00C81A77 /* Preview Assets.xcassets */; };
		F7742E692A8343BD00C81A77 /* AuthViewModel.swift in Sources */ = {isa = PBXBuildFile; fileRef = F7BBE9192A7B4AA9002FC15B /* AuthViewModel.swift */; };
		F7742E6A2A8343D800C81A77 /* LoginView.swift in Sources */ = {isa = PBXBuildFile; fileRef = F7BBE9022A7AE301002FC15B /* LoginView.swift */; };
		F7742E6B2A8343F300C81A77 /* LoginForm.swift in Sources */ = {isa = PBXBuildFile; fileRef = F7BBE8F92A7AE22C002FC15B /* LoginForm.swift */; };
		F7742E6C2A83441D00C81A77 /* LoginViewModel.swift in Sources */ = {isa = PBXBuildFile; fileRef = F7BBE9082A7B17DA002FC15B /* LoginViewModel.swift */; };
		F7742E6D2A83442D00C81A77 /* HttpService.swift in Sources */ = {isa = PBXBuildFile; fileRef = F7BBE90E2A7B1850002FC15B /* HttpService.swift */; };
		F7742E6E2A83445D00C81A77 /* AuthModel.swift in Sources */ = {isa = PBXBuildFile; fileRef = F7BBE9142A7B2CF3002FC15B /* AuthModel.swift */; };
		F7742E712A83459000C81A77 /* HomeView.swift in Sources */ = {isa = PBXBuildFile; fileRef = F7742E702A83459000C81A77 /* HomeView.swift */; };
		F7742E722A8345A600C81A77 /* ListView.swift in Sources */ = {isa = PBXBuildFile; fileRef = F7BBE91E2A7B594B002FC15B /* ListView.swift */; };
		F7742E732A8345AA00C81A77 /* TodoView.swift in Sources */ = {isa = PBXBuildFile; fileRef = F7BBE9332A7C8D2E002FC15B /* TodoView.swift */; };
		F7742E742A8345AD00C81A77 /* FormListView.swift in Sources */ = {isa = PBXBuildFile; fileRef = F7C6CFFB2A7EE20C002BF109 /* FormListView.swift */; };
		F7742E752A8345B000C81A77 /* FormTodoView.swift in Sources */ = {isa = PBXBuildFile; fileRef = F7C6D0052A7F513C002BF109 /* FormTodoView.swift */; };
		F7742E762A8345B800C81A77 /* ListTile.swift in Sources */ = {isa = PBXBuildFile; fileRef = F7BBE9472A7CA74F002FC15B /* ListTile.swift */; };
		F7742E772A8345BB00C81A77 /* TodoTile.swift in Sources */ = {isa = PBXBuildFile; fileRef = F7C6D0002A7F4CAE002BF109 /* TodoTile.swift */; };
		F7742E782A8345BE00C81A77 /* PickerColor.swift in Sources */ = {isa = PBXBuildFile; fileRef = F7C6D01C2A809D6B002BF109 /* PickerColor.swift */; };
		F7742E792A8345C900C81A77 /* TodoViewModel.swift in Sources */ = {isa = PBXBuildFile; fileRef = F7BBE93D2A7C8FAB002FC15B /* TodoViewModel.swift */; };
		F7742E7A2A8345D000C81A77 /* ListModel.swift in Sources */ = {isa = PBXBuildFile; fileRef = F7BBE9282A7B59D2002FC15B /* ListModel.swift */; };
		F7742E7B2A8345D500C81A77 /* TodoModel.swift in Sources */ = {isa = PBXBuildFile; fileRef = F7BBE9422A7C8FD8002FC15B /* TodoModel.swift */; };
		F7742E7C2A8345D900C81A77 /* Color+Extensions.swift in Sources */ = {isa = PBXBuildFile; fileRef = F7BBE92E2A7B64AA002FC15B /* Color+Extensions.swift */; };
		F7742E7D2A83462600C81A77 /* ListViewModel.swift in Sources */ = {isa = PBXBuildFile; fileRef = F7BBE9232A7B5964002FC15B /* ListViewModel.swift */; };
		F7A014AC2A85D78A00B3A6C5 /* WidgetKit.framework in Frameworks */ = {isa = PBXBuildFile; fileRef = F7A014AB2A85D78A00B3A6C5 /* WidgetKit.framework */; };
		F7A014AE2A85D78A00B3A6C5 /* SwiftUI.framework in Frameworks */ = {isa = PBXBuildFile; fileRef = F7A014AD2A85D78A00B3A6C5 /* SwiftUI.framework */; };
		F7A014B12A85D78A00B3A6C5 /* TodoSwiftUI_iOS_WidgetBundle.swift in Sources */ = {isa = PBXBuildFile; fileRef = F7A014B02A85D78A00B3A6C5 /* TodoSwiftUI_iOS_WidgetBundle.swift */; };
		F7A014B32A85D78A00B3A6C5 /* TodoSwiftUI_iOS_WidgetLiveActivity.swift in Sources */ = {isa = PBXBuildFile; fileRef = F7A014B22A85D78A00B3A6C5 /* TodoSwiftUI_iOS_WidgetLiveActivity.swift */; };
		F7A014B52A85D78A00B3A6C5 /* TodoSwiftUI_iOS_Widget.swift in Sources */ = {isa = PBXBuildFile; fileRef = F7A014B42A85D78A00B3A6C5 /* TodoSwiftUI_iOS_Widget.swift */; };
		F7A014B72A85D78D00B3A6C5 /* Assets.xcassets in Resources */ = {isa = PBXBuildFile; fileRef = F7A014B62A85D78D00B3A6C5 /* Assets.xcassets */; };
		F7A014BB2A85D78D00B3A6C5 /* TodoSwiftUI-iOS WidgetExtension.appex in Embed Foundation Extensions */ = {isa = PBXBuildFile; fileRef = F7A014A92A85D78A00B3A6C5 /* TodoSwiftUI-iOS WidgetExtension.appex */; settings = {ATTRIBUTES = (RemoveHeadersOnCopy, ); }; };
		F7A326CA2A7A0E7A00060D9D /* TodoSwiftUiApp.swift in Sources */ = {isa = PBXBuildFile; fileRef = F7A326C92A7A0E7A00060D9D /* TodoSwiftUiApp.swift */; };
		F7A326CC2A7A0E7A00060D9D /* ContentView.swift in Sources */ = {isa = PBXBuildFile; fileRef = F7A326CB2A7A0E7A00060D9D /* ContentView.swift */; };
		F7A326CE2A7A0E7C00060D9D /* Assets.xcassets in Resources */ = {isa = PBXBuildFile; fileRef = F7A326CD2A7A0E7C00060D9D /* Assets.xcassets */; };
		F7A326D22A7A0E7C00060D9D /* Preview Assets.xcassets in Resources */ = {isa = PBXBuildFile; fileRef = F7A326D12A7A0E7C00060D9D /* Preview Assets.xcassets */; };
		F7BBE8FA2A7AE22C002FC15B /* LoginForm.swift in Sources */ = {isa = PBXBuildFile; fileRef = F7BBE8F92A7AE22C002FC15B /* LoginForm.swift */; };
		F7BBE8FB2A7AE22C002FC15B /* LoginForm.swift in Sources */ = {isa = PBXBuildFile; fileRef = F7BBE8F92A7AE22C002FC15B /* LoginForm.swift */; };
		F7BBE8FC2A7AE22C002FC15B /* LoginForm.swift in Sources */ = {isa = PBXBuildFile; fileRef = F7BBE8F92A7AE22C002FC15B /* LoginForm.swift */; };
		F7BBE8FD2A7AE22C002FC15B /* LoginForm.swift in Sources */ = {isa = PBXBuildFile; fileRef = F7BBE8F92A7AE22C002FC15B /* LoginForm.swift */; };
		F7BBE9032A7AE301002FC15B /* LoginView.swift in Sources */ = {isa = PBXBuildFile; fileRef = F7BBE9022A7AE301002FC15B /* LoginView.swift */; };
		F7BBE9042A7AE301002FC15B /* LoginView.swift in Sources */ = {isa = PBXBuildFile; fileRef = F7BBE9022A7AE301002FC15B /* LoginView.swift */; };
		F7BBE9052A7AE301002FC15B /* LoginView.swift in Sources */ = {isa = PBXBuildFile; fileRef = F7BBE9022A7AE301002FC15B /* LoginView.swift */; };
		F7BBE9062A7AE301002FC15B /* LoginView.swift in Sources */ = {isa = PBXBuildFile; fileRef = F7BBE9022A7AE301002FC15B /* LoginView.swift */; };
		F7BBE9092A7B17DA002FC15B /* LoginViewModel.swift in Sources */ = {isa = PBXBuildFile; fileRef = F7BBE9082A7B17DA002FC15B /* LoginViewModel.swift */; };
		F7BBE90A2A7B17DA002FC15B /* LoginViewModel.swift in Sources */ = {isa = PBXBuildFile; fileRef = F7BBE9082A7B17DA002FC15B /* LoginViewModel.swift */; };
		F7BBE90B2A7B17DA002FC15B /* LoginViewModel.swift in Sources */ = {isa = PBXBuildFile; fileRef = F7BBE9082A7B17DA002FC15B /* LoginViewModel.swift */; };
		F7BBE90C2A7B17DA002FC15B /* LoginViewModel.swift in Sources */ = {isa = PBXBuildFile; fileRef = F7BBE9082A7B17DA002FC15B /* LoginViewModel.swift */; };
		F7BBE90F2A7B1850002FC15B /* HttpService.swift in Sources */ = {isa = PBXBuildFile; fileRef = F7BBE90E2A7B1850002FC15B /* HttpService.swift */; };
		F7BBE9102A7B1850002FC15B /* HttpService.swift in Sources */ = {isa = PBXBuildFile; fileRef = F7BBE90E2A7B1850002FC15B /* HttpService.swift */; };
		F7BBE9112A7B1850002FC15B /* HttpService.swift in Sources */ = {isa = PBXBuildFile; fileRef = F7BBE90E2A7B1850002FC15B /* HttpService.swift */; };
		F7BBE9122A7B1850002FC15B /* HttpService.swift in Sources */ = {isa = PBXBuildFile; fileRef = F7BBE90E2A7B1850002FC15B /* HttpService.swift */; };
		F7BBE9152A7B2CF3002FC15B /* AuthModel.swift in Sources */ = {isa = PBXBuildFile; fileRef = F7BBE9142A7B2CF3002FC15B /* AuthModel.swift */; };
		F7BBE9162A7B2CF3002FC15B /* AuthModel.swift in Sources */ = {isa = PBXBuildFile; fileRef = F7BBE9142A7B2CF3002FC15B /* AuthModel.swift */; };
		F7BBE9172A7B2CF3002FC15B /* AuthModel.swift in Sources */ = {isa = PBXBuildFile; fileRef = F7BBE9142A7B2CF3002FC15B /* AuthModel.swift */; };
		F7BBE9182A7B2CF3002FC15B /* AuthModel.swift in Sources */ = {isa = PBXBuildFile; fileRef = F7BBE9142A7B2CF3002FC15B /* AuthModel.swift */; };
		F7BBE91A2A7B4AA9002FC15B /* AuthViewModel.swift in Sources */ = {isa = PBXBuildFile; fileRef = F7BBE9192A7B4AA9002FC15B /* AuthViewModel.swift */; };
		F7BBE91B2A7B4AA9002FC15B /* AuthViewModel.swift in Sources */ = {isa = PBXBuildFile; fileRef = F7BBE9192A7B4AA9002FC15B /* AuthViewModel.swift */; };
		F7BBE91C2A7B4AA9002FC15B /* AuthViewModel.swift in Sources */ = {isa = PBXBuildFile; fileRef = F7BBE9192A7B4AA9002FC15B /* AuthViewModel.swift */; };
		F7BBE91D2A7B4AA9002FC15B /* AuthViewModel.swift in Sources */ = {isa = PBXBuildFile; fileRef = F7BBE9192A7B4AA9002FC15B /* AuthViewModel.swift */; };
		F7BBE91F2A7B594B002FC15B /* ListView.swift in Sources */ = {isa = PBXBuildFile; fileRef = F7BBE91E2A7B594B002FC15B /* ListView.swift */; };
		F7BBE9202A7B594B002FC15B /* ListView.swift in Sources */ = {isa = PBXBuildFile; fileRef = F7BBE91E2A7B594B002FC15B /* ListView.swift */; };
		F7BBE9212A7B594B002FC15B /* ListView.swift in Sources */ = {isa = PBXBuildFile; fileRef = F7BBE91E2A7B594B002FC15B /* ListView.swift */; };
		F7BBE9242A7B5964002FC15B /* ListViewModel.swift in Sources */ = {isa = PBXBuildFile; fileRef = F7BBE9232A7B5964002FC15B /* ListViewModel.swift */; };
		F7BBE9252A7B5964002FC15B /* ListViewModel.swift in Sources */ = {isa = PBXBuildFile; fileRef = F7BBE9232A7B5964002FC15B /* ListViewModel.swift */; };
		F7BBE9262A7B5964002FC15B /* ListViewModel.swift in Sources */ = {isa = PBXBuildFile; fileRef = F7BBE9232A7B5964002FC15B /* ListViewModel.swift */; };
		F7BBE9272A7B5964002FC15B /* ListViewModel.swift in Sources */ = {isa = PBXBuildFile; fileRef = F7BBE9232A7B5964002FC15B /* ListViewModel.swift */; };
		F7BBE9292A7B59D2002FC15B /* ListModel.swift in Sources */ = {isa = PBXBuildFile; fileRef = F7BBE9282A7B59D2002FC15B /* ListModel.swift */; };
		F7BBE92A2A7B59D2002FC15B /* ListModel.swift in Sources */ = {isa = PBXBuildFile; fileRef = F7BBE9282A7B59D2002FC15B /* ListModel.swift */; };
		F7BBE92B2A7B59D2002FC15B /* ListModel.swift in Sources */ = {isa = PBXBuildFile; fileRef = F7BBE9282A7B59D2002FC15B /* ListModel.swift */; };
		F7BBE92C2A7B59D2002FC15B /* ListModel.swift in Sources */ = {isa = PBXBuildFile; fileRef = F7BBE9282A7B59D2002FC15B /* ListModel.swift */; };
		F7BBE92F2A7B64AA002FC15B /* Color+Extensions.swift in Sources */ = {isa = PBXBuildFile; fileRef = F7BBE92E2A7B64AA002FC15B /* Color+Extensions.swift */; };
		F7BBE9302A7B64AA002FC15B /* Color+Extensions.swift in Sources */ = {isa = PBXBuildFile; fileRef = F7BBE92E2A7B64AA002FC15B /* Color+Extensions.swift */; };
		F7BBE9312A7B64AA002FC15B /* Color+Extensions.swift in Sources */ = {isa = PBXBuildFile; fileRef = F7BBE92E2A7B64AA002FC15B /* Color+Extensions.swift */; };
		F7BBE9322A7B64AA002FC15B /* Color+Extensions.swift in Sources */ = {isa = PBXBuildFile; fileRef = F7BBE92E2A7B64AA002FC15B /* Color+Extensions.swift */; };
		F7BBE9342A7C8D2F002FC15B /* TodoView.swift in Sources */ = {isa = PBXBuildFile; fileRef = F7BBE9332A7C8D2E002FC15B /* TodoView.swift */; };
		F7BBE9352A7C8D2F002FC15B /* TodoView.swift in Sources */ = {isa = PBXBuildFile; fileRef = F7BBE9332A7C8D2E002FC15B /* TodoView.swift */; };
		F7BBE9362A7C8D2F002FC15B /* TodoView.swift in Sources */ = {isa = PBXBuildFile; fileRef = F7BBE9332A7C8D2E002FC15B /* TodoView.swift */; };
		F7BBE9372A7C8D2F002FC15B /* TodoView.swift in Sources */ = {isa = PBXBuildFile; fileRef = F7BBE9332A7C8D2E002FC15B /* TodoView.swift */; };
		F7BBE93E2A7C8FAB002FC15B /* TodoViewModel.swift in Sources */ = {isa = PBXBuildFile; fileRef = F7BBE93D2A7C8FAB002FC15B /* TodoViewModel.swift */; };
		F7BBE93F2A7C8FAB002FC15B /* TodoViewModel.swift in Sources */ = {isa = PBXBuildFile; fileRef = F7BBE93D2A7C8FAB002FC15B /* TodoViewModel.swift */; };
		F7BBE9402A7C8FAB002FC15B /* TodoViewModel.swift in Sources */ = {isa = PBXBuildFile; fileRef = F7BBE93D2A7C8FAB002FC15B /* TodoViewModel.swift */; };
		F7BBE9412A7C8FAB002FC15B /* TodoViewModel.swift in Sources */ = {isa = PBXBuildFile; fileRef = F7BBE93D2A7C8FAB002FC15B /* TodoViewModel.swift */; };
		F7BBE9432A7C8FD8002FC15B /* TodoModel.swift in Sources */ = {isa = PBXBuildFile; fileRef = F7BBE9422A7C8FD8002FC15B /* TodoModel.swift */; };
		F7BBE9442A7C8FD8002FC15B /* TodoModel.swift in Sources */ = {isa = PBXBuildFile; fileRef = F7BBE9422A7C8FD8002FC15B /* TodoModel.swift */; };
		F7BBE9452A7C8FD8002FC15B /* TodoModel.swift in Sources */ = {isa = PBXBuildFile; fileRef = F7BBE9422A7C8FD8002FC15B /* TodoModel.swift */; };
		F7BBE9462A7C8FD8002FC15B /* TodoModel.swift in Sources */ = {isa = PBXBuildFile; fileRef = F7BBE9422A7C8FD8002FC15B /* TodoModel.swift */; };
		F7BBE9482A7CA750002FC15B /* ListTile.swift in Sources */ = {isa = PBXBuildFile; fileRef = F7BBE9472A7CA74F002FC15B /* ListTile.swift */; };
		F7BBE9492A7CA750002FC15B /* ListTile.swift in Sources */ = {isa = PBXBuildFile; fileRef = F7BBE9472A7CA74F002FC15B /* ListTile.swift */; };
		F7BBE94A2A7CA750002FC15B /* ListTile.swift in Sources */ = {isa = PBXBuildFile; fileRef = F7BBE9472A7CA74F002FC15B /* ListTile.swift */; };
		F7BBE94B2A7CA750002FC15B /* ListTile.swift in Sources */ = {isa = PBXBuildFile; fileRef = F7BBE9472A7CA74F002FC15B /* ListTile.swift */; };
		F7C6CFFC2A7EE20C002BF109 /* FormListView.swift in Sources */ = {isa = PBXBuildFile; fileRef = F7C6CFFB2A7EE20C002BF109 /* FormListView.swift */; };
		F7C6CFFD2A7EE20C002BF109 /* FormListView.swift in Sources */ = {isa = PBXBuildFile; fileRef = F7C6CFFB2A7EE20C002BF109 /* FormListView.swift */; };
		F7C6CFFE2A7EE20C002BF109 /* FormListView.swift in Sources */ = {isa = PBXBuildFile; fileRef = F7C6CFFB2A7EE20C002BF109 /* FormListView.swift */; };
		F7C6CFFF2A7EE20C002BF109 /* FormListView.swift in Sources */ = {isa = PBXBuildFile; fileRef = F7C6CFFB2A7EE20C002BF109 /* FormListView.swift */; };
		F7C6D0012A7F4CAF002BF109 /* TodoTile.swift in Sources */ = {isa = PBXBuildFile; fileRef = F7C6D0002A7F4CAE002BF109 /* TodoTile.swift */; };
		F7C6D0022A7F4CAF002BF109 /* TodoTile.swift in Sources */ = {isa = PBXBuildFile; fileRef = F7C6D0002A7F4CAE002BF109 /* TodoTile.swift */; };
		F7C6D0032A7F4CAF002BF109 /* TodoTile.swift in Sources */ = {isa = PBXBuildFile; fileRef = F7C6D0002A7F4CAE002BF109 /* TodoTile.swift */; };
		F7C6D0042A7F4CAF002BF109 /* TodoTile.swift in Sources */ = {isa = PBXBuildFile; fileRef = F7C6D0002A7F4CAE002BF109 /* TodoTile.swift */; };
		F7C6D0062A7F513C002BF109 /* FormTodoView.swift in Sources */ = {isa = PBXBuildFile; fileRef = F7C6D0052A7F513C002BF109 /* FormTodoView.swift */; };
		F7C6D0072A7F513C002BF109 /* FormTodoView.swift in Sources */ = {isa = PBXBuildFile; fileRef = F7C6D0052A7F513C002BF109 /* FormTodoView.swift */; };
		F7C6D0082A7F513C002BF109 /* FormTodoView.swift in Sources */ = {isa = PBXBuildFile; fileRef = F7C6D0052A7F513C002BF109 /* FormTodoView.swift */; };
		F7C6D0092A7F513C002BF109 /* FormTodoView.swift in Sources */ = {isa = PBXBuildFile; fileRef = F7C6D0052A7F513C002BF109 /* FormTodoView.swift */; };
		F7C6D00C2A801B39002BF109 /* HomeView.swift in Sources */ = {isa = PBXBuildFile; fileRef = F7C6D00B2A801B38002BF109 /* HomeView.swift */; };
		F7C6D0122A8032B0002BF109 /* ListView.swift in Sources */ = {isa = PBXBuildFile; fileRef = F7BBE91E2A7B594B002FC15B /* ListView.swift */; };
		F7C6D0152A803EC8002BF109 /* HomeView.swift in Sources */ = {isa = PBXBuildFile; fileRef = F7C6D0142A803EC8002BF109 /* HomeView.swift */; };
		F7C6D0182A805C85002BF109 /* HomeView.swift in Sources */ = {isa = PBXBuildFile; fileRef = F7C6D0172A805C85002BF109 /* HomeView.swift */; };
		F7C6D01B2A805DF4002BF109 /* HomeView.swift in Sources */ = {isa = PBXBuildFile; fileRef = F7C6D01A2A805DF4002BF109 /* HomeView.swift */; };
		F7C6D01D2A809D6B002BF109 /* PickerColor.swift in Sources */ = {isa = PBXBuildFile; fileRef = F7C6D01C2A809D6B002BF109 /* PickerColor.swift */; };
		F7C6D01E2A809E83002BF109 /* PickerColor.swift in Sources */ = {isa = PBXBuildFile; fileRef = F7C6D01C2A809D6B002BF109 /* PickerColor.swift */; };
		F7C6D01F2A809E84002BF109 /* PickerColor.swift in Sources */ = {isa = PBXBuildFile; fileRef = F7C6D01C2A809D6B002BF109 /* PickerColor.swift */; };
		F7C6D0202A809E85002BF109 /* PickerColor.swift in Sources */ = {isa = PBXBuildFile; fileRef = F7C6D01C2A809D6B002BF109 /* PickerColor.swift */; };
		F7E637762A7AD69A00E01438 /* HelloWorld.swift in Sources */ = {isa = PBXBuildFile; fileRef = F7E637752A7AD69A00E01438 /* HelloWorld.swift */; };
		F7E637772A7AD69A00E01438 /* HelloWorld.swift in Sources */ = {isa = PBXBuildFile; fileRef = F7E637752A7AD69A00E01438 /* HelloWorld.swift */; };
		F7E637782A7AD69A00E01438 /* HelloWorld.swift in Sources */ = {isa = PBXBuildFile; fileRef = F7E637752A7AD69A00E01438 /* HelloWorld.swift */; };
		F7E637792A7AD69A00E01438 /* HelloWorld.swift in Sources */ = {isa = PBXBuildFile; fileRef = F7E637752A7AD69A00E01438 /* HelloWorld.swift */; };
/* End PBXBuildFile section */

/* Begin PBXContainerItemProxy section */
		F7A014B92A85D78D00B3A6C5 /* PBXContainerItemProxy */ = {
			isa = PBXContainerItemProxy;
			containerPortal = F7A326BE2A7A0E7A00060D9D /* Project object */;
			proxyType = 1;
			remoteGlobalIDString = F7A014A82A85D78A00B3A6C5;
			remoteInfo = "TodoSwiftUI-iOS WidgetExtension";
		};
/* End PBXContainerItemProxy section */

/* Begin PBXCopyFilesBuildPhase section */
		F7A014BC2A85D78D00B3A6C5 /* Embed Foundation Extensions */ = {
			isa = PBXCopyFilesBuildPhase;
			buildActionMask = 2147483647;
			dstPath = "";
			dstSubfolderSpec = 13;
			files = (
				F7A014BB2A85D78D00B3A6C5 /* TodoSwiftUI-iOS WidgetExtension.appex in Embed Foundation Extensions */,
			);
			name = "Embed Foundation Extensions";
			runOnlyForDeploymentPostprocessing = 0;
		};
		F7A326ED2A7A14B400060D9D /* Embed Watch Content */ = {
			isa = PBXCopyFilesBuildPhase;
			buildActionMask = 2147483647;
			dstPath = "$(CONTENTS_FOLDER_PATH)/Watch";
			dstSubfolderSpec = 16;
			files = (
			);
			name = "Embed Watch Content";
			runOnlyForDeploymentPostprocessing = 0;
		};
/* End PBXCopyFilesBuildPhase section */

/* Begin PBXFileReference section */
		F7074F0D2A7AD16C0055B5A8 /* TodoSwiftUI-tvOS.app */ = {isa = PBXFileReference; explicitFileType = wrapper.application; includeInIndex = 0; path = "TodoSwiftUI-tvOS.app"; sourceTree = BUILT_PRODUCTS_DIR; };
		F7074F0F2A7AD16C0055B5A8 /* TodoSwiftUI_tvOSApp.swift */ = {isa = PBXFileReference; lastKnownFileType = sourcecode.swift; path = TodoSwiftUI_tvOSApp.swift; sourceTree = "<group>"; };
		F7074F112A7AD16C0055B5A8 /* ContentView.swift */ = {isa = PBXFileReference; lastKnownFileType = sourcecode.swift; path = ContentView.swift; sourceTree = "<group>"; };
		F7074F132A7AD16E0055B5A8 /* Assets.xcassets */ = {isa = PBXFileReference; lastKnownFileType = folder.assetcatalog; path = Assets.xcassets; sourceTree = "<group>"; };
		F7074F162A7AD16E0055B5A8 /* Preview Assets.xcassets */ = {isa = PBXFileReference; lastKnownFileType = folder.assetcatalog; path = "Preview Assets.xcassets"; sourceTree = "<group>"; };
		F73D534C2A7AD25300E6DD91 /* TodoSwiftUI-macOS.app */ = {isa = PBXFileReference; explicitFileType = wrapper.application; includeInIndex = 0; path = "TodoSwiftUI-macOS.app"; sourceTree = BUILT_PRODUCTS_DIR; };
		F73D534E2A7AD25300E6DD91 /* TodoSwiftUI_macOSApp.swift */ = {isa = PBXFileReference; lastKnownFileType = sourcecode.swift; path = TodoSwiftUI_macOSApp.swift; sourceTree = "<group>"; };
		F73D53502A7AD25300E6DD91 /* ContentView.swift */ = {isa = PBXFileReference; lastKnownFileType = sourcecode.swift; path = ContentView.swift; sourceTree = "<group>"; };
		F73D53522A7AD25500E6DD91 /* Assets.xcassets */ = {isa = PBXFileReference; lastKnownFileType = folder.assetcatalog; path = Assets.xcassets; sourceTree = "<group>"; };
		F73D53552A7AD25500E6DD91 /* Preview Assets.xcassets */ = {isa = PBXFileReference; lastKnownFileType = folder.assetcatalog; path = "Preview Assets.xcassets"; sourceTree = "<group>"; };
		F73D53572A7AD25500E6DD91 /* TodoSwiftUI_macOS.entitlements */ = {isa = PBXFileReference; lastKnownFileType = text.plist.entitlements; path = TodoSwiftUI_macOS.entitlements; sourceTree = "<group>"; };
		F76C6A702A7AD378006918D8 /* TodoSwiftUI-watchOS Watch App.app */ = {isa = PBXFileReference; explicitFileType = wrapper.application; includeInIndex = 0; path = "TodoSwiftUI-watchOS Watch App.app"; sourceTree = BUILT_PRODUCTS_DIR; };
		F76C6A722A7AD378006918D8 /* TodoSwiftUI_watchOSApp.swift */ = {isa = PBXFileReference; lastKnownFileType = sourcecode.swift; path = TodoSwiftUI_watchOSApp.swift; sourceTree = "<group>"; };
		F76C6A742A7AD378006918D8 /* ContentView.swift */ = {isa = PBXFileReference; lastKnownFileType = sourcecode.swift; path = ContentView.swift; sourceTree = "<group>"; };
		F76C6A762A7AD37A006918D8 /* Assets.xcassets */ = {isa = PBXFileReference; lastKnownFileType = folder.assetcatalog; path = Assets.xcassets; sourceTree = "<group>"; };
		F76C6A792A7AD37A006918D8 /* Preview Assets.xcassets */ = {isa = PBXFileReference; lastKnownFileType = folder.assetcatalog; path = "Preview Assets.xcassets"; sourceTree = "<group>"; };
		F7742E5A2A83423700C81A77 /* TodoSwiftUI-macOS MenuBar App.app */ = {isa = PBXFileReference; explicitFileType = wrapper.application; includeInIndex = 0; path = "TodoSwiftUI-macOS MenuBar App.app"; sourceTree = BUILT_PRODUCTS_DIR; };
		F7742E5C2A83423700C81A77 /* TodoSwiftUI_macOS_MenuBar_AppApp.swift */ = {isa = PBXFileReference; lastKnownFileType = sourcecode.swift; path = TodoSwiftUI_macOS_MenuBar_AppApp.swift; sourceTree = "<group>"; };
		F7742E5E2A83423700C81A77 /* ContentView.swift */ = {isa = PBXFileReference; lastKnownFileType = sourcecode.swift; path = ContentView.swift; sourceTree = "<group>"; };
		F7742E602A83423A00C81A77 /* Assets.xcassets */ = {isa = PBXFileReference; lastKnownFileType = folder.assetcatalog; path = Assets.xcassets; sourceTree = "<group>"; };
		F7742E632A83423A00C81A77 /* Preview Assets.xcassets */ = {isa = PBXFileReference; lastKnownFileType = folder.assetcatalog; path = "Preview Assets.xcassets"; sourceTree = "<group>"; };
		F7742E652A83423A00C81A77 /* TodoSwiftUI_macOS_MenuBar_App.entitlements */ = {isa = PBXFileReference; lastKnownFileType = text.plist.entitlements; path = TodoSwiftUI_macOS_MenuBar_App.entitlements; sourceTree = "<group>"; };
		F7742E702A83459000C81A77 /* HomeView.swift */ = {isa = PBXFileReference; lastKnownFileType = sourcecode.swift; path = HomeView.swift; sourceTree = "<group>"; };
		F7A014A92A85D78A00B3A6C5 /* TodoSwiftUI-iOS WidgetExtension.appex */ = {isa = PBXFileReference; explicitFileType = "wrapper.app-extension"; includeInIndex = 0; path = "TodoSwiftUI-iOS WidgetExtension.appex"; sourceTree = BUILT_PRODUCTS_DIR; };
		F7A014AB2A85D78A00B3A6C5 /* WidgetKit.framework */ = {isa = PBXFileReference; lastKnownFileType = wrapper.framework; name = WidgetKit.framework; path = System/Library/Frameworks/WidgetKit.framework; sourceTree = SDKROOT; };
		F7A014AD2A85D78A00B3A6C5 /* SwiftUI.framework */ = {isa = PBXFileReference; lastKnownFileType = wrapper.framework; name = SwiftUI.framework; path = System/Library/Frameworks/SwiftUI.framework; sourceTree = SDKROOT; };
		F7A014B02A85D78A00B3A6C5 /* TodoSwiftUI_iOS_WidgetBundle.swift */ = {isa = PBXFileReference; lastKnownFileType = sourcecode.swift; path = TodoSwiftUI_iOS_WidgetBundle.swift; sourceTree = "<group>"; };
		F7A014B22A85D78A00B3A6C5 /* TodoSwiftUI_iOS_WidgetLiveActivity.swift */ = {isa = PBXFileReference; lastKnownFileType = sourcecode.swift; path = TodoSwiftUI_iOS_WidgetLiveActivity.swift; sourceTree = "<group>"; };
		F7A014B42A85D78A00B3A6C5 /* TodoSwiftUI_iOS_Widget.swift */ = {isa = PBXFileReference; lastKnownFileType = sourcecode.swift; path = TodoSwiftUI_iOS_Widget.swift; sourceTree = "<group>"; };
		F7A014B62A85D78D00B3A6C5 /* Assets.xcassets */ = {isa = PBXFileReference; lastKnownFileType = folder.assetcatalog; path = Assets.xcassets; sourceTree = "<group>"; };
		F7A014B82A85D78D00B3A6C5 /* Info.plist */ = {isa = PBXFileReference; lastKnownFileType = text.plist.xml; path = Info.plist; sourceTree = "<group>"; };
		F7A326C62A7A0E7A00060D9D /* TodoSwiftUI-iOS.app */ = {isa = PBXFileReference; explicitFileType = wrapper.application; includeInIndex = 0; path = "TodoSwiftUI-iOS.app"; sourceTree = BUILT_PRODUCTS_DIR; };
		F7A326C92A7A0E7A00060D9D /* TodoSwiftUiApp.swift */ = {isa = PBXFileReference; lastKnownFileType = sourcecode.swift; path = TodoSwiftUiApp.swift; sourceTree = "<group>"; };
		F7A326CB2A7A0E7A00060D9D /* ContentView.swift */ = {isa = PBXFileReference; lastKnownFileType = sourcecode.swift; path = ContentView.swift; sourceTree = "<group>"; };
		F7A326CD2A7A0E7C00060D9D /* Assets.xcassets */ = {isa = PBXFileReference; lastKnownFileType = folder.assetcatalog; path = Assets.xcassets; sourceTree = "<group>"; };
		F7A326D12A7A0E7C00060D9D /* Preview Assets.xcassets */ = {isa = PBXFileReference; lastKnownFileType = folder.assetcatalog; path = "Preview Assets.xcassets"; sourceTree = "<group>"; };
		F7B0FC492A7ACADC00471DD5 /* TodoSwiftUI.entitlements */ = {isa = PBXFileReference; fileEncoding = 4; lastKnownFileType = text.plist.entitlements; path = TodoSwiftUI.entitlements; sourceTree = "<group>"; };
		F7BBE8F92A7AE22C002FC15B /* LoginForm.swift */ = {isa = PBXFileReference; lastKnownFileType = sourcecode.swift; path = LoginForm.swift; sourceTree = "<group>"; };
		F7BBE9022A7AE301002FC15B /* LoginView.swift */ = {isa = PBXFileReference; lastKnownFileType = sourcecode.swift; path = LoginView.swift; sourceTree = "<group>"; };
		F7BBE9082A7B17DA002FC15B /* LoginViewModel.swift */ = {isa = PBXFileReference; lastKnownFileType = sourcecode.swift; path = LoginViewModel.swift; sourceTree = "<group>"; };
		F7BBE90E2A7B1850002FC15B /* HttpService.swift */ = {isa = PBXFileReference; lastKnownFileType = sourcecode.swift; path = HttpService.swift; sourceTree = "<group>"; };
		F7BBE9142A7B2CF3002FC15B /* AuthModel.swift */ = {isa = PBXFileReference; lastKnownFileType = sourcecode.swift; path = AuthModel.swift; sourceTree = "<group>"; };
		F7BBE9192A7B4AA9002FC15B /* AuthViewModel.swift */ = {isa = PBXFileReference; lastKnownFileType = sourcecode.swift; path = AuthViewModel.swift; sourceTree = "<group>"; };
		F7BBE91E2A7B594B002FC15B /* ListView.swift */ = {isa = PBXFileReference; lastKnownFileType = sourcecode.swift; path = ListView.swift; sourceTree = "<group>"; };
		F7BBE9232A7B5964002FC15B /* ListViewModel.swift */ = {isa = PBXFileReference; lastKnownFileType = sourcecode.swift; path = ListViewModel.swift; sourceTree = "<group>"; };
		F7BBE9282A7B59D2002FC15B /* ListModel.swift */ = {isa = PBXFileReference; lastKnownFileType = sourcecode.swift; path = ListModel.swift; sourceTree = "<group>"; };
		F7BBE92E2A7B64AA002FC15B /* Color+Extensions.swift */ = {isa = PBXFileReference; lastKnownFileType = sourcecode.swift; path = "Color+Extensions.swift"; sourceTree = "<group>"; };
		F7BBE9332A7C8D2E002FC15B /* TodoView.swift */ = {isa = PBXFileReference; lastKnownFileType = sourcecode.swift; path = TodoView.swift; sourceTree = "<group>"; };
		F7BBE93D2A7C8FAB002FC15B /* TodoViewModel.swift */ = {isa = PBXFileReference; lastKnownFileType = sourcecode.swift; path = TodoViewModel.swift; sourceTree = "<group>"; };
		F7BBE9422A7C8FD8002FC15B /* TodoModel.swift */ = {isa = PBXFileReference; lastKnownFileType = sourcecode.swift; path = TodoModel.swift; sourceTree = "<group>"; };
		F7BBE9472A7CA74F002FC15B /* ListTile.swift */ = {isa = PBXFileReference; lastKnownFileType = sourcecode.swift; path = ListTile.swift; sourceTree = "<group>"; };
		F7C6CFFB2A7EE20C002BF109 /* FormListView.swift */ = {isa = PBXFileReference; lastKnownFileType = sourcecode.swift; path = FormListView.swift; sourceTree = "<group>"; };
		F7C6D0002A7F4CAE002BF109 /* TodoTile.swift */ = {isa = PBXFileReference; lastKnownFileType = sourcecode.swift; path = TodoTile.swift; sourceTree = "<group>"; };
		F7C6D0052A7F513C002BF109 /* FormTodoView.swift */ = {isa = PBXFileReference; lastKnownFileType = sourcecode.swift; path = FormTodoView.swift; sourceTree = "<group>"; };
		F7C6D00B2A801B38002BF109 /* HomeView.swift */ = {isa = PBXFileReference; lastKnownFileType = sourcecode.swift; path = HomeView.swift; sourceTree = "<group>"; };
		F7C6D0142A803EC8002BF109 /* HomeView.swift */ = {isa = PBXFileReference; lastKnownFileType = sourcecode.swift; path = HomeView.swift; sourceTree = "<group>"; };
		F7C6D0172A805C85002BF109 /* HomeView.swift */ = {isa = PBXFileReference; lastKnownFileType = sourcecode.swift; path = HomeView.swift; sourceTree = "<group>"; };
		F7C6D01A2A805DF4002BF109 /* HomeView.swift */ = {isa = PBXFileReference; lastKnownFileType = sourcecode.swift; path = HomeView.swift; sourceTree = "<group>"; };
		F7C6D01C2A809D6B002BF109 /* PickerColor.swift */ = {isa = PBXFileReference; lastKnownFileType = sourcecode.swift; path = PickerColor.swift; sourceTree = "<group>"; };
		F7E637752A7AD69A00E01438 /* HelloWorld.swift */ = {isa = PBXFileReference; lastKnownFileType = sourcecode.swift; path = HelloWorld.swift; sourceTree = "<group>"; };
/* End PBXFileReference section */

/* Begin PBXFrameworksBuildPhase section */
		F7074F0A2A7AD16C0055B5A8 /* Frameworks */ = {
			isa = PBXFrameworksBuildPhase;
			buildActionMask = 2147483647;
			files = (
			);
			runOnlyForDeploymentPostprocessing = 0;
		};
		F73D53492A7AD25300E6DD91 /* Frameworks */ = {
			isa = PBXFrameworksBuildPhase;
			buildActionMask = 2147483647;
			files = (
			);
			runOnlyForDeploymentPostprocessing = 0;
		};
		F76C6A6D2A7AD378006918D8 /* Frameworks */ = {
			isa = PBXFrameworksBuildPhase;
			buildActionMask = 2147483647;
			files = (
			);
			runOnlyForDeploymentPostprocessing = 0;
		};
		F7742E572A83423700C81A77 /* Frameworks */ = {
			isa = PBXFrameworksBuildPhase;
			buildActionMask = 2147483647;
			files = (
			);
			runOnlyForDeploymentPostprocessing = 0;
		};
		F7A014A62A85D78A00B3A6C5 /* Frameworks */ = {
			isa = PBXFrameworksBuildPhase;
			buildActionMask = 2147483647;
			files = (
				F7A014AE2A85D78A00B3A6C5 /* SwiftUI.framework in Frameworks */,
				F7A014AC2A85D78A00B3A6C5 /* WidgetKit.framework in Frameworks */,
			);
			runOnlyForDeploymentPostprocessing = 0;
		};
		F7A326C32A7A0E7A00060D9D /* Frameworks */ = {
			isa = PBXFrameworksBuildPhase;
			buildActionMask = 2147483647;
			files = (
			);
			runOnlyForDeploymentPostprocessing = 0;
		};
/* End PBXFrameworksBuildPhase section */

/* Begin PBXGroup section */
		F7074F0E2A7AD16C0055B5A8 /* TodoSwiftUI-tvOS */ = {
			isa = PBXGroup;
			children = (
				F7C6D0192A805DE2002BF109 /* Views */,
				F7074F0F2A7AD16C0055B5A8 /* TodoSwiftUI_tvOSApp.swift */,
				F7074F112A7AD16C0055B5A8 /* ContentView.swift */,
				F7074F132A7AD16E0055B5A8 /* Assets.xcassets */,
				F7074F152A7AD16E0055B5A8 /* Preview Content */,
			);
			path = "TodoSwiftUI-tvOS";
			sourceTree = "<group>";
		};
		F7074F152A7AD16E0055B5A8 /* Preview Content */ = {
			isa = PBXGroup;
			children = (
				F7074F162A7AD16E0055B5A8 /* Preview Assets.xcassets */,
			);
			path = "Preview Content";
			sourceTree = "<group>";
		};
		F73D534D2A7AD25300E6DD91 /* TodoSwiftUI-macOS */ = {
			isa = PBXGroup;
			children = (
				F7C6D0162A805C70002BF109 /* Views */,
				F73D534E2A7AD25300E6DD91 /* TodoSwiftUI_macOSApp.swift */,
				F73D53502A7AD25300E6DD91 /* ContentView.swift */,
				F73D53522A7AD25500E6DD91 /* Assets.xcassets */,
				F73D53572A7AD25500E6DD91 /* TodoSwiftUI_macOS.entitlements */,
				F73D53542A7AD25500E6DD91 /* Preview Content */,
			);
			path = "TodoSwiftUI-macOS";
			sourceTree = "<group>";
		};
		F73D53542A7AD25500E6DD91 /* Preview Content */ = {
			isa = PBXGroup;
			children = (
				F73D53552A7AD25500E6DD91 /* Preview Assets.xcassets */,
			);
			path = "Preview Content";
			sourceTree = "<group>";
		};
		F76C6A712A7AD378006918D8 /* TodoSwiftUI-watchOS Watch App */ = {
			isa = PBXGroup;
			children = (
				F7C6D00A2A801B14002BF109 /* Views */,
				F76C6A722A7AD378006918D8 /* TodoSwiftUI_watchOSApp.swift */,
				F76C6A742A7AD378006918D8 /* ContentView.swift */,
				F76C6A762A7AD37A006918D8 /* Assets.xcassets */,
				F76C6A782A7AD37A006918D8 /* Preview Content */,
			);
			path = "TodoSwiftUI-watchOS Watch App";
			sourceTree = "<group>";
		};
		F76C6A782A7AD37A006918D8 /* Preview Content */ = {
			isa = PBXGroup;
			children = (
				F76C6A792A7AD37A006918D8 /* Preview Assets.xcassets */,
			);
			path = "Preview Content";
			sourceTree = "<group>";
		};
		F7742E5B2A83423700C81A77 /* TodoSwiftUI-macOS MenuBar App */ = {
			isa = PBXGroup;
			children = (
				F7742E6F2A83458100C81A77 /* Views */,
				F7742E5C2A83423700C81A77 /* TodoSwiftUI_macOS_MenuBar_AppApp.swift */,
				F7742E5E2A83423700C81A77 /* ContentView.swift */,
				F7742E602A83423A00C81A77 /* Assets.xcassets */,
				F7742E652A83423A00C81A77 /* TodoSwiftUI_macOS_MenuBar_App.entitlements */,
				F7742E622A83423A00C81A77 /* Preview Content */,
			);
			path = "TodoSwiftUI-macOS MenuBar App";
			sourceTree = "<group>";
		};
		F7742E622A83423A00C81A77 /* Preview Content */ = {
			isa = PBXGroup;
			children = (
				F7742E632A83423A00C81A77 /* Preview Assets.xcassets */,
			);
			path = "Preview Content";
			sourceTree = "<group>";
		};
		F7742E6F2A83458100C81A77 /* Views */ = {
			isa = PBXGroup;
			children = (
				F7742E702A83459000C81A77 /* HomeView.swift */,
			);
			path = Views;
			sourceTree = "<group>";
		};
		F7A014AA2A85D78A00B3A6C5 /* Frameworks */ = {
			isa = PBXGroup;
			children = (
				F7A014AB2A85D78A00B3A6C5 /* WidgetKit.framework */,
				F7A014AD2A85D78A00B3A6C5 /* SwiftUI.framework */,
			);
			name = Frameworks;
			sourceTree = "<group>";
		};
		F7A014AF2A85D78A00B3A6C5 /* TodoSwiftUI-iOS Widget */ = {
			isa = PBXGroup;
			children = (
				F7A014B02A85D78A00B3A6C5 /* TodoSwiftUI_iOS_WidgetBundle.swift */,
				F7A014B22A85D78A00B3A6C5 /* TodoSwiftUI_iOS_WidgetLiveActivity.swift */,
				F7A014B42A85D78A00B3A6C5 /* TodoSwiftUI_iOS_Widget.swift */,
				F7A014B62A85D78D00B3A6C5 /* Assets.xcassets */,
				F7A014B82A85D78D00B3A6C5 /* Info.plist */,
			);
			path = "TodoSwiftUI-iOS Widget";
			sourceTree = "<group>";
		};
		F7A326BD2A7A0E7A00060D9D = {
			isa = PBXGroup;
			children = (
				F7E637732A7AD40700E01438 /* Shared */,
				F7A326C82A7A0E7A00060D9D /* TodoSwiftUI-iOS */,
				F7074F0E2A7AD16C0055B5A8 /* TodoSwiftUI-tvOS */,
				F73D534D2A7AD25300E6DD91 /* TodoSwiftUI-macOS */,
				F76C6A712A7AD378006918D8 /* TodoSwiftUI-watchOS Watch App */,
				F7742E5B2A83423700C81A77 /* TodoSwiftUI-macOS MenuBar App */,
				F7A014AF2A85D78A00B3A6C5 /* TodoSwiftUI-iOS Widget */,
				F7A014AA2A85D78A00B3A6C5 /* Frameworks */,
				F7A326C72A7A0E7A00060D9D /* Products */,
			);
			sourceTree = "<group>";
		};
		F7A326C72A7A0E7A00060D9D /* Products */ = {
			isa = PBXGroup;
			children = (
				F7A326C62A7A0E7A00060D9D /* TodoSwiftUI-iOS.app */,
				F7074F0D2A7AD16C0055B5A8 /* TodoSwiftUI-tvOS.app */,
				F73D534C2A7AD25300E6DD91 /* TodoSwiftUI-macOS.app */,
				F76C6A702A7AD378006918D8 /* TodoSwiftUI-watchOS Watch App.app */,
				F7742E5A2A83423700C81A77 /* TodoSwiftUI-macOS MenuBar App.app */,
				F7A014A92A85D78A00B3A6C5 /* TodoSwiftUI-iOS WidgetExtension.appex */,
			);
			name = Products;
			sourceTree = "<group>";
		};
		F7A326C82A7A0E7A00060D9D /* TodoSwiftUI-iOS */ = {
			isa = PBXGroup;
			children = (
				F7C6D0132A803EB5002BF109 /* Views */,
				F7A326C92A7A0E7A00060D9D /* TodoSwiftUiApp.swift */,
				F7A326CB2A7A0E7A00060D9D /* ContentView.swift */,
				F7A326CD2A7A0E7C00060D9D /* Assets.xcassets */,
				F7B0FC492A7ACADC00471DD5 /* TodoSwiftUI.entitlements */,
				F7A326D02A7A0E7C00060D9D /* Preview Content */,
			);
			path = "TodoSwiftUI-iOS";
			sourceTree = "<group>";
		};
		F7A326D02A7A0E7C00060D9D /* Preview Content */ = {
			isa = PBXGroup;
			children = (
				F7A326D12A7A0E7C00060D9D /* Preview Assets.xcassets */,
			);
			path = "Preview Content";
			sourceTree = "<group>";
		};
		F7BBE9012A7AE2EA002FC15B /* Views */ = {
			isa = PBXGroup;
			children = (
				F7BBE9022A7AE301002FC15B /* LoginView.swift */,
				F7BBE91E2A7B594B002FC15B /* ListView.swift */,
				F7BBE9332A7C8D2E002FC15B /* TodoView.swift */,
				F7C6CFFB2A7EE20C002BF109 /* FormListView.swift */,
				F7C6D0052A7F513C002BF109 /* FormTodoView.swift */,
			);
			path = Views;
			sourceTree = "<group>";
		};
		F7BBE9072A7B17A6002FC15B /* ViewModels */ = {
			isa = PBXGroup;
			children = (
				F7BBE9082A7B17DA002FC15B /* LoginViewModel.swift */,
				F7BBE9192A7B4AA9002FC15B /* AuthViewModel.swift */,
				F7BBE9232A7B5964002FC15B /* ListViewModel.swift */,
				F7BBE93D2A7C8FAB002FC15B /* TodoViewModel.swift */,
			);
			path = ViewModels;
			sourceTree = "<group>";
		};
		F7BBE90D2A7B182E002FC15B /* Services */ = {
			isa = PBXGroup;
			children = (
				F7BBE90E2A7B1850002FC15B /* HttpService.swift */,
			);
			path = Services;
			sourceTree = "<group>";
		};
		F7BBE9132A7B2CDC002FC15B /* Models */ = {
			isa = PBXGroup;
			children = (
				F7BBE9142A7B2CF3002FC15B /* AuthModel.swift */,
				F7BBE9282A7B59D2002FC15B /* ListModel.swift */,
				F7BBE9422A7C8FD8002FC15B /* TodoModel.swift */,
			);
			path = Models;
			sourceTree = "<group>";
		};
		F7BBE92D2A7B6481002FC15B /* Extensions */ = {
			isa = PBXGroup;
			children = (
				F7BBE92E2A7B64AA002FC15B /* Color+Extensions.swift */,
			);
			path = Extensions;
			sourceTree = "<group>";
		};
		F7C6D00A2A801B14002BF109 /* Views */ = {
			isa = PBXGroup;
			children = (
				F7C6D00B2A801B38002BF109 /* HomeView.swift */,
			);
			path = Views;
			sourceTree = "<group>";
		};
		F7C6D0132A803EB5002BF109 /* Views */ = {
			isa = PBXGroup;
			children = (
				F7C6D0142A803EC8002BF109 /* HomeView.swift */,
			);
			path = Views;
			sourceTree = "<group>";
		};
		F7C6D0162A805C70002BF109 /* Views */ = {
			isa = PBXGroup;
			children = (
				F7C6D0172A805C85002BF109 /* HomeView.swift */,
			);
			path = Views;
			sourceTree = "<group>";
		};
		F7C6D0192A805DE2002BF109 /* Views */ = {
			isa = PBXGroup;
			children = (
				F7C6D01A2A805DF4002BF109 /* HomeView.swift */,
			);
			path = Views;
			sourceTree = "<group>";
		};
		F7E637732A7AD40700E01438 /* Shared */ = {
			isa = PBXGroup;
			children = (
				F7BBE92D2A7B6481002FC15B /* Extensions */,
				F7BBE9132A7B2CDC002FC15B /* Models */,
				F7BBE90D2A7B182E002FC15B /* Services */,
				F7BBE9072A7B17A6002FC15B /* ViewModels */,
				F7BBE9012A7AE2EA002FC15B /* Views */,
				F7E637742A7AD41A00E01438 /* Components */,
			);
			path = Shared;
			sourceTree = "<group>";
		};
		F7E637742A7AD41A00E01438 /* Components */ = {
			isa = PBXGroup;
			children = (
				F7E637752A7AD69A00E01438 /* HelloWorld.swift */,
				F7BBE8F92A7AE22C002FC15B /* LoginForm.swift */,
				F7BBE9472A7CA74F002FC15B /* ListTile.swift */,
				F7C6D0002A7F4CAE002BF109 /* TodoTile.swift */,
				F7C6D01C2A809D6B002BF109 /* PickerColor.swift */,
			);
			path = Components;
			sourceTree = "<group>";
		};
/* End PBXGroup section */

/* Begin PBXNativeTarget section */
		F7074F0C2A7AD16C0055B5A8 /* TodoSwiftUI-tvOS */ = {
			isa = PBXNativeTarget;
			buildConfigurationList = F7074F182A7AD16E0055B5A8 /* Build configuration list for PBXNativeTarget "TodoSwiftUI-tvOS" */;
			buildPhases = (
				F7074F092A7AD16C0055B5A8 /* Sources */,
				F7074F0A2A7AD16C0055B5A8 /* Frameworks */,
				F7074F0B2A7AD16C0055B5A8 /* Resources */,
			);
			buildRules = (
			);
			dependencies = (
			);
			name = "TodoSwiftUI-tvOS";
			productName = "TodoSwiftUI-tvOS";
			productReference = F7074F0D2A7AD16C0055B5A8 /* TodoSwiftUI-tvOS.app */;
			productType = "com.apple.product-type.application";
		};
		F73D534B2A7AD25300E6DD91 /* TodoSwiftUI-macOS */ = {
			isa = PBXNativeTarget;
			buildConfigurationList = F73D53582A7AD25500E6DD91 /* Build configuration list for PBXNativeTarget "TodoSwiftUI-macOS" */;
			buildPhases = (
				F73D53482A7AD25300E6DD91 /* Sources */,
				F73D53492A7AD25300E6DD91 /* Frameworks */,
				F73D534A2A7AD25300E6DD91 /* Resources */,
			);
			buildRules = (
			);
			dependencies = (
			);
			name = "TodoSwiftUI-macOS";
			productName = "TodoSwiftUI-macOS";
			productReference = F73D534C2A7AD25300E6DD91 /* TodoSwiftUI-macOS.app */;
			productType = "com.apple.product-type.application";
		};
		F76C6A6F2A7AD378006918D8 /* TodoSwiftUI-watchOS Watch App */ = {
			isa = PBXNativeTarget;
			buildConfigurationList = F76C6A7B2A7AD37A006918D8 /* Build configuration list for PBXNativeTarget "TodoSwiftUI-watchOS Watch App" */;
			buildPhases = (
				F76C6A6C2A7AD378006918D8 /* Sources */,
				F76C6A6D2A7AD378006918D8 /* Frameworks */,
				F76C6A6E2A7AD378006918D8 /* Resources */,
			);
			buildRules = (
			);
			dependencies = (
			);
			name = "TodoSwiftUI-watchOS Watch App";
			productName = "TodoSwiftUI-watchOS Watch App";
			productReference = F76C6A702A7AD378006918D8 /* TodoSwiftUI-watchOS Watch App.app */;
			productType = "com.apple.product-type.application";
		};
		F7742E592A83423700C81A77 /* TodoSwiftUI-macOS MenuBar App */ = {
			isa = PBXNativeTarget;
			buildConfigurationList = F7742E682A83423A00C81A77 /* Build configuration list for PBXNativeTarget "TodoSwiftUI-macOS MenuBar App" */;
			buildPhases = (
				F7742E562A83423700C81A77 /* Sources */,
				F7742E572A83423700C81A77 /* Frameworks */,
				F7742E582A83423700C81A77 /* Resources */,
			);
			buildRules = (
			);
			dependencies = (
			);
			name = "TodoSwiftUI-macOS MenuBar App";
			productName = "TodoSwiftUI-macOS MenuBar App";
			productReference = F7742E5A2A83423700C81A77 /* TodoSwiftUI-macOS MenuBar App.app */;
			productType = "com.apple.product-type.application";
		};
		F7A014A82A85D78A00B3A6C5 /* TodoSwiftUI-iOS WidgetExtension */ = {
			isa = PBXNativeTarget;
			buildConfigurationList = F7A014BF2A85D78D00B3A6C5 /* Build configuration list for PBXNativeTarget "TodoSwiftUI-iOS WidgetExtension" */;
			buildPhases = (
				F7A014A52A85D78A00B3A6C5 /* Sources */,
				F7A014A62A85D78A00B3A6C5 /* Frameworks */,
				F7A014A72A85D78A00B3A6C5 /* Resources */,
			);
			buildRules = (
			);
			dependencies = (
			);
			name = "TodoSwiftUI-iOS WidgetExtension";
			productName = "TodoSwiftUI-iOS WidgetExtension";
			productReference = F7A014A92A85D78A00B3A6C5 /* TodoSwiftUI-iOS WidgetExtension.appex */;
			productType = "com.apple.product-type.app-extension";
		};
		F7A326C52A7A0E7A00060D9D /* TodoSwiftUI-iOS */ = {
			isa = PBXNativeTarget;
			buildConfigurationList = F7A326D52A7A0E7C00060D9D /* Build configuration list for PBXNativeTarget "TodoSwiftUI-iOS" */;
			buildPhases = (
				F7A326C22A7A0E7A00060D9D /* Sources */,
				F7A326C32A7A0E7A00060D9D /* Frameworks */,
				F7A326C42A7A0E7A00060D9D /* Resources */,
				F7A326ED2A7A14B400060D9D /* Embed Watch Content */,
				F7A014BC2A85D78D00B3A6C5 /* Embed Foundation Extensions */,
			);
			buildRules = (
			);
			dependencies = (
				F7A014BA2A85D78D00B3A6C5 /* PBXTargetDependency */,
			);
			name = "TodoSwiftUI-iOS";
			productName = TodoSwiftUi;
			productReference = F7A326C62A7A0E7A00060D9D /* TodoSwiftUI-iOS.app */;
			productType = "com.apple.product-type.application";
		};
/* End PBXNativeTarget section */

/* Begin PBXProject section */
		F7A326BE2A7A0E7A00060D9D /* Project object */ = {
			isa = PBXProject;
			attributes = {
				BuildIndependentTargetsInParallel = 1;
				LastSwiftUpdateCheck = 1430;
				LastUpgradeCheck = 1430;
				TargetAttributes = {
					F7074F0C2A7AD16C0055B5A8 = {
						CreatedOnToolsVersion = 14.3.1;
					};
					F73D534B2A7AD25300E6DD91 = {
						CreatedOnToolsVersion = 14.3.1;
					};
					F76C6A6F2A7AD378006918D8 = {
						CreatedOnToolsVersion = 14.3.1;
					};
					F7742E592A83423700C81A77 = {
						CreatedOnToolsVersion = 14.3.1;
					};
					F7A014A82A85D78A00B3A6C5 = {
						CreatedOnToolsVersion = 14.3.1;
					};
					F7A326C52A7A0E7A00060D9D = {
						CreatedOnToolsVersion = 14.3.1;
					};
				};
			};
			buildConfigurationList = F7A326C12A7A0E7A00060D9D /* Build configuration list for PBXProject "TodoSwiftUI" */;
			compatibilityVersion = "Xcode 14.0";
			developmentRegion = en;
			hasScannedForEncodings = 0;
			knownRegions = (
				en,
				Base,
			);
			mainGroup = F7A326BD2A7A0E7A00060D9D;
			productRefGroup = F7A326C72A7A0E7A00060D9D /* Products */;
			projectDirPath = "";
			projectRoot = "";
			targets = (
				F7A326C52A7A0E7A00060D9D /* TodoSwiftUI-iOS */,
				F7074F0C2A7AD16C0055B5A8 /* TodoSwiftUI-tvOS */,
				F73D534B2A7AD25300E6DD91 /* TodoSwiftUI-macOS */,
				F76C6A6F2A7AD378006918D8 /* TodoSwiftUI-watchOS Watch App */,
				F7742E592A83423700C81A77 /* TodoSwiftUI-macOS MenuBar App */,
				F7A014A82A85D78A00B3A6C5 /* TodoSwiftUI-iOS WidgetExtension */,
			);
		};
/* End PBXProject section */

/* Begin PBXResourcesBuildPhase section */
		F7074F0B2A7AD16C0055B5A8 /* Resources */ = {
			isa = PBXResourcesBuildPhase;
			buildActionMask = 2147483647;
			files = (
				F7074F172A7AD16E0055B5A8 /* Preview Assets.xcassets in Resources */,
				F7074F142A7AD16E0055B5A8 /* Assets.xcassets in Resources */,
			);
			runOnlyForDeploymentPostprocessing = 0;
		};
		F73D534A2A7AD25300E6DD91 /* Resources */ = {
			isa = PBXResourcesBuildPhase;
			buildActionMask = 2147483647;
			files = (
				F73D53562A7AD25500E6DD91 /* Preview Assets.xcassets in Resources */,
				F73D53532A7AD25500E6DD91 /* Assets.xcassets in Resources */,
			);
			runOnlyForDeploymentPostprocessing = 0;
		};
		F76C6A6E2A7AD378006918D8 /* Resources */ = {
			isa = PBXResourcesBuildPhase;
			buildActionMask = 2147483647;
			files = (
				F76C6A7A2A7AD37A006918D8 /* Preview Assets.xcassets in Resources */,
				F76C6A772A7AD37A006918D8 /* Assets.xcassets in Resources */,
			);
			runOnlyForDeploymentPostprocessing = 0;
		};
		F7742E582A83423700C81A77 /* Resources */ = {
			isa = PBXResourcesBuildPhase;
			buildActionMask = 2147483647;
			files = (
				F7742E642A83423A00C81A77 /* Preview Assets.xcassets in Resources */,
				F7742E612A83423A00C81A77 /* Assets.xcassets in Resources */,
			);
			runOnlyForDeploymentPostprocessing = 0;
		};
		F7A014A72A85D78A00B3A6C5 /* Resources */ = {
			isa = PBXResourcesBuildPhase;
			buildActionMask = 2147483647;
			files = (
				F7A014B72A85D78D00B3A6C5 /* Assets.xcassets in Resources */,
			);
			runOnlyForDeploymentPostprocessing = 0;
		};
		F7A326C42A7A0E7A00060D9D /* Resources */ = {
			isa = PBXResourcesBuildPhase;
			buildActionMask = 2147483647;
			files = (
				F7A326D22A7A0E7C00060D9D /* Preview Assets.xcassets in Resources */,
				F7A326CE2A7A0E7C00060D9D /* Assets.xcassets in Resources */,
			);
			runOnlyForDeploymentPostprocessing = 0;
		};
/* End PBXResourcesBuildPhase section */

/* Begin PBXSourcesBuildPhase section */
		F7074F092A7AD16C0055B5A8 /* Sources */ = {
			isa = PBXSourcesBuildPhase;
			buildActionMask = 2147483647;
			files = (
				F7C6D0072A7F513C002BF109 /* FormTodoView.swift in Sources */,
				F7BBE93F2A7C8FAB002FC15B /* TodoViewModel.swift in Sources */,
				F7074F122A7AD16C0055B5A8 /* ContentView.swift in Sources */,
				F7E637772A7AD69A00E01438 /* HelloWorld.swift in Sources */,
				F7BBE9442A7C8FD8002FC15B /* TodoModel.swift in Sources */,
				F7C6D01B2A805DF4002BF109 /* HomeView.swift in Sources */,
				F7BBE9352A7C8D2F002FC15B /* TodoView.swift in Sources */,
				F7C6D0022A7F4CAF002BF109 /* TodoTile.swift in Sources */,
				F7BBE9492A7CA750002FC15B /* ListTile.swift in Sources */,
				F7C6D01D2A809D6B002BF109 /* PickerColor.swift in Sources */,
				F7BBE9202A7B594B002FC15B /* ListView.swift in Sources */,
				F7BBE92A2A7B59D2002FC15B /* ListModel.swift in Sources */,
				F7BBE90A2A7B17DA002FC15B /* LoginViewModel.swift in Sources */,
				F7074F102A7AD16C0055B5A8 /* TodoSwiftUI_tvOSApp.swift in Sources */,
				F7BBE9042A7AE301002FC15B /* LoginView.swift in Sources */,
				F7C6CFFD2A7EE20C002BF109 /* FormListView.swift in Sources */,
				F7BBE9302A7B64AA002FC15B /* Color+Extensions.swift in Sources */,
				F7BBE9162A7B2CF3002FC15B /* AuthModel.swift in Sources */,
				F7BBE8FB2A7AE22C002FC15B /* LoginForm.swift in Sources */,
				F7BBE9102A7B1850002FC15B /* HttpService.swift in Sources */,
				F7BBE91B2A7B4AA9002FC15B /* AuthViewModel.swift in Sources */,
				F7BBE9252A7B5964002FC15B /* ListViewModel.swift in Sources */,
			);
			runOnlyForDeploymentPostprocessing = 0;
		};
		F73D53482A7AD25300E6DD91 /* Sources */ = {
			isa = PBXSourcesBuildPhase;
			buildActionMask = 2147483647;
			files = (
				F7C6D0082A7F513C002BF109 /* FormTodoView.swift in Sources */,
				F7BBE9402A7C8FAB002FC15B /* TodoViewModel.swift in Sources */,
				F7BBE9052A7AE301002FC15B /* LoginView.swift in Sources */,
				F73D53512A7AD25300E6DD91 /* ContentView.swift in Sources */,
				F7BBE9452A7C8FD8002FC15B /* TodoModel.swift in Sources */,
				F7C6D0182A805C85002BF109 /* HomeView.swift in Sources */,
				F7BBE9362A7C8D2F002FC15B /* TodoView.swift in Sources */,
				F7C6D0032A7F4CAF002BF109 /* TodoTile.swift in Sources */,
				F7BBE94A2A7CA750002FC15B /* ListTile.swift in Sources */,
				F7C6D01F2A809E84002BF109 /* PickerColor.swift in Sources */,
				F7BBE9212A7B594B002FC15B /* ListView.swift in Sources */,
				F7BBE92B2A7B59D2002FC15B /* ListModel.swift in Sources */,
				F7BBE90B2A7B17DA002FC15B /* LoginViewModel.swift in Sources */,
				F7E637782A7AD69A00E01438 /* HelloWorld.swift in Sources */,
				F73D534F2A7AD25300E6DD91 /* TodoSwiftUI_macOSApp.swift in Sources */,
				F7C6CFFE2A7EE20C002BF109 /* FormListView.swift in Sources */,
				F7BBE9312A7B64AA002FC15B /* Color+Extensions.swift in Sources */,
				F7BBE9172A7B2CF3002FC15B /* AuthModel.swift in Sources */,
				F7BBE8FC2A7AE22C002FC15B /* LoginForm.swift in Sources */,
				F7BBE9112A7B1850002FC15B /* HttpService.swift in Sources */,
				F7BBE91C2A7B4AA9002FC15B /* AuthViewModel.swift in Sources */,
				F7BBE9262A7B5964002FC15B /* ListViewModel.swift in Sources */,
			);
			runOnlyForDeploymentPostprocessing = 0;
		};
		F76C6A6C2A7AD378006918D8 /* Sources */ = {
			isa = PBXSourcesBuildPhase;
			buildActionMask = 2147483647;
			files = (
				F7C6D0092A7F513C002BF109 /* FormTodoView.swift in Sources */,
				F7BBE9412A7C8FAB002FC15B /* TodoViewModel.swift in Sources */,
				F76C6A752A7AD378006918D8 /* ContentView.swift in Sources */,
				F7E637792A7AD69A00E01438 /* HelloWorld.swift in Sources */,
				F7C6D00C2A801B39002BF109 /* HomeView.swift in Sources */,
				F7C6D0042A7F4CAF002BF109 /* TodoTile.swift in Sources */,
				F7BBE94B2A7CA750002FC15B /* ListTile.swift in Sources */,
				F7BBE9462A7C8FD8002FC15B /* TodoModel.swift in Sources */,
				F7BBE9372A7C8D2F002FC15B /* TodoView.swift in Sources */,
				F7C6D0202A809E85002BF109 /* PickerColor.swift in Sources */,
				F7BBE92C2A7B59D2002FC15B /* ListModel.swift in Sources */,
				F7BBE90C2A7B17DA002FC15B /* LoginViewModel.swift in Sources */,
				F76C6A732A7AD378006918D8 /* TodoSwiftUI_watchOSApp.swift in Sources */,
				F7C6CFFF2A7EE20C002BF109 /* FormListView.swift in Sources */,
				F7BBE9062A7AE301002FC15B /* LoginView.swift in Sources */,
				F7BBE9322A7B64AA002FC15B /* Color+Extensions.swift in Sources */,
				F7BBE9182A7B2CF3002FC15B /* AuthModel.swift in Sources */,
				F7BBE8FD2A7AE22C002FC15B /* LoginForm.swift in Sources */,
				F7C6D0122A8032B0002BF109 /* ListView.swift in Sources */,
				F7BBE9122A7B1850002FC15B /* HttpService.swift in Sources */,
				F7BBE91D2A7B4AA9002FC15B /* AuthViewModel.swift in Sources */,
				F7BBE9272A7B5964002FC15B /* ListViewModel.swift in Sources */,
			);
			runOnlyForDeploymentPostprocessing = 0;
		};
		F7742E562A83423700C81A77 /* Sources */ = {
			isa = PBXSourcesBuildPhase;
			buildActionMask = 2147483647;
			files = (
				F7742E712A83459000C81A77 /* HomeView.swift in Sources */,
				F7742E6B2A8343F300C81A77 /* LoginForm.swift in Sources */,
				F7742E7D2A83462600C81A77 /* ListViewModel.swift in Sources */,
				F7742E722A8345A600C81A77 /* ListView.swift in Sources */,
				F7742E5F2A83423700C81A77 /* ContentView.swift in Sources */,
				F7742E742A8345AD00C81A77 /* FormListView.swift in Sources */,
				F7742E772A8345BB00C81A77 /* TodoTile.swift in Sources */,
				F7742E752A8345B000C81A77 /* FormTodoView.swift in Sources */,
				F7742E6C2A83441D00C81A77 /* LoginViewModel.swift in Sources */,
				F7742E7B2A8345D500C81A77 /* TodoModel.swift in Sources */,
				F7742E762A8345B800C81A77 /* ListTile.swift in Sources */,
				F7742E7A2A8345D000C81A77 /* ListModel.swift in Sources */,
				F7742E792A8345C900C81A77 /* TodoViewModel.swift in Sources */,
				F7742E782A8345BE00C81A77 /* PickerColor.swift in Sources */,
				F7742E5D2A83423700C81A77 /* TodoSwiftUI_macOS_MenuBar_AppApp.swift in Sources */,
				F7742E6A2A8343D800C81A77 /* LoginView.swift in Sources */,
				F7742E7C2A8345D900C81A77 /* Color+Extensions.swift in Sources */,
				F7742E6E2A83445D00C81A77 /* AuthModel.swift in Sources */,
				F7742E692A8343BD00C81A77 /* AuthViewModel.swift in Sources */,
				F7742E732A8345AA00C81A77 /* TodoView.swift in Sources */,
				F7742E6D2A83442D00C81A77 /* HttpService.swift in Sources */,
			);
			runOnlyForDeploymentPostprocessing = 0;
		};
		F7A014A52A85D78A00B3A6C5 /* Sources */ = {
			isa = PBXSourcesBuildPhase;
			buildActionMask = 2147483647;
			files = (
				F7A014B32A85D78A00B3A6C5 /* TodoSwiftUI_iOS_WidgetLiveActivity.swift in Sources */,
				F7A014B12A85D78A00B3A6C5 /* TodoSwiftUI_iOS_WidgetBundle.swift in Sources */,
				F7A014B52A85D78A00B3A6C5 /* TodoSwiftUI_iOS_Widget.swift in Sources */,
			);
			runOnlyForDeploymentPostprocessing = 0;
		};
		F7A326C22A7A0E7A00060D9D /* Sources */ = {
			isa = PBXSourcesBuildPhase;
			buildActionMask = 2147483647;
			files = (
				F7C6D0062A7F513C002BF109 /* FormTodoView.swift in Sources */,
				F7BBE93E2A7C8FAB002FC15B /* TodoViewModel.swift in Sources */,
				F7BBE9032A7AE301002FC15B /* LoginView.swift in Sources */,
				F7BBE8FA2A7AE22C002FC15B /* LoginForm.swift in Sources */,
				F7BBE9432A7C8FD8002FC15B /* TodoModel.swift in Sources */,
				F7C6D0152A803EC8002BF109 /* HomeView.swift in Sources */,
				F7BBE9342A7C8D2F002FC15B /* TodoView.swift in Sources */,
				F7C6D0012A7F4CAF002BF109 /* TodoTile.swift in Sources */,
				F7BBE9482A7CA750002FC15B /* ListTile.swift in Sources */,
				F7C6D01E2A809E83002BF109 /* PickerColor.swift in Sources */,
				F7BBE91F2A7B594B002FC15B /* ListView.swift in Sources */,
				F7BBE9292A7B59D2002FC15B /* ListModel.swift in Sources */,
				F7BBE9092A7B17DA002FC15B /* LoginViewModel.swift in Sources */,
				F7A326CC2A7A0E7A00060D9D /* ContentView.swift in Sources */,
				F7E637762A7AD69A00E01438 /* HelloWorld.swift in Sources */,
				F7C6CFFC2A7EE20C002BF109 /* FormListView.swift in Sources */,
				F7BBE92F2A7B64AA002FC15B /* Color+Extensions.swift in Sources */,
				F7BBE9152A7B2CF3002FC15B /* AuthModel.swift in Sources */,
				F7A326CA2A7A0E7A00060D9D /* TodoSwiftUiApp.swift in Sources */,
				F7BBE90F2A7B1850002FC15B /* HttpService.swift in Sources */,
				F7BBE91A2A7B4AA9002FC15B /* AuthViewModel.swift in Sources */,
				F7BBE9242A7B5964002FC15B /* ListViewModel.swift in Sources */,
			);
			runOnlyForDeploymentPostprocessing = 0;
		};
/* End PBXSourcesBuildPhase section */

/* Begin PBXTargetDependency section */
		F7A014BA2A85D78D00B3A6C5 /* PBXTargetDependency */ = {
			isa = PBXTargetDependency;
			target = F7A014A82A85D78A00B3A6C5 /* TodoSwiftUI-iOS WidgetExtension */;
			targetProxy = F7A014B92A85D78D00B3A6C5 /* PBXContainerItemProxy */;
		};
/* End PBXTargetDependency section */

/* Begin XCBuildConfiguration section */
		F7074F192A7AD16E0055B5A8 /* Debug */ = {
			isa = XCBuildConfiguration;
			buildSettings = {
				ASSETCATALOG_COMPILER_APPICON_NAME = "App Icon & Top Shelf Image";
				ASSETCATALOG_COMPILER_GLOBAL_ACCENT_COLOR_NAME = AccentColor;
				CODE_SIGN_STYLE = Automatic;
				CURRENT_PROJECT_VERSION = 1;
				DEVELOPMENT_ASSET_PATHS = "\"TodoSwiftUI-tvOS/Preview Content\"";
				DEVELOPMENT_TEAM = YUUW8QNH75;
				ENABLE_PREVIEWS = YES;
				GENERATE_INFOPLIST_FILE = YES;
				INFOPLIST_KEY_UILaunchScreen_Generation = YES;
				INFOPLIST_KEY_UIUserInterfaceStyle = Automatic;
				LD_RUNPATH_SEARCH_PATHS = (
					"$(inherited)",
					"@executable_path/Frameworks",
				);
				MARKETING_VERSION = 1.0;
				PRODUCT_BUNDLE_IDENTIFIER = "app.example.TodoSwiftUI-tvOS";
				PRODUCT_NAME = "$(TARGET_NAME)";
				SDKROOT = appletvos;
				SWIFT_EMIT_LOC_STRINGS = YES;
				SWIFT_VERSION = 5.0;
				TARGETED_DEVICE_FAMILY = 3;
				TVOS_DEPLOYMENT_TARGET = 16.4;
			};
			name = Debug;
		};
		F7074F1A2A7AD16E0055B5A8 /* Release */ = {
			isa = XCBuildConfiguration;
			buildSettings = {
				ASSETCATALOG_COMPILER_APPICON_NAME = "App Icon & Top Shelf Image";
				ASSETCATALOG_COMPILER_GLOBAL_ACCENT_COLOR_NAME = AccentColor;
				CODE_SIGN_STYLE = Automatic;
				CURRENT_PROJECT_VERSION = 1;
				DEVELOPMENT_ASSET_PATHS = "\"TodoSwiftUI-tvOS/Preview Content\"";
				DEVELOPMENT_TEAM = YUUW8QNH75;
				ENABLE_PREVIEWS = YES;
				GENERATE_INFOPLIST_FILE = YES;
				INFOPLIST_KEY_UILaunchScreen_Generation = YES;
				INFOPLIST_KEY_UIUserInterfaceStyle = Automatic;
				LD_RUNPATH_SEARCH_PATHS = (
					"$(inherited)",
					"@executable_path/Frameworks",
				);
				MARKETING_VERSION = 1.0;
				PRODUCT_BUNDLE_IDENTIFIER = "app.example.TodoSwiftUI-tvOS";
				PRODUCT_NAME = "$(TARGET_NAME)";
				SDKROOT = appletvos;
				SWIFT_EMIT_LOC_STRINGS = YES;
				SWIFT_VERSION = 5.0;
				TARGETED_DEVICE_FAMILY = 3;
				TVOS_DEPLOYMENT_TARGET = 16.4;
				VALIDATE_PRODUCT = YES;
			};
			name = Release;
		};
		F73D53592A7AD25500E6DD91 /* Debug */ = {
			isa = XCBuildConfiguration;
			buildSettings = {
				ASSETCATALOG_COMPILER_APPICON_NAME = AppIcon;
				ASSETCATALOG_COMPILER_GLOBAL_ACCENT_COLOR_NAME = AccentColor;
				CODE_SIGN_ENTITLEMENTS = "TodoSwiftUI-macOS/TodoSwiftUI_macOS.entitlements";
				CODE_SIGN_STYLE = Automatic;
				COMBINE_HIDPI_IMAGES = YES;
				CURRENT_PROJECT_VERSION = 1;
				DEVELOPMENT_ASSET_PATHS = "\"TodoSwiftUI-macOS/Preview Content\"";
				DEVELOPMENT_TEAM = YUUW8QNH75;
				ENABLE_HARDENED_RUNTIME = YES;
				ENABLE_PREVIEWS = YES;
				GENERATE_INFOPLIST_FILE = YES;
				INFOPLIST_KEY_NSHumanReadableCopyright = "";
				LD_RUNPATH_SEARCH_PATHS = (
					"$(inherited)",
					"@executable_path/../Frameworks",
				);
				MACOSX_DEPLOYMENT_TARGET = 13.3;
				MARKETING_VERSION = 1.0;
				PRODUCT_BUNDLE_IDENTIFIER = "app.example.TodoSwiftUI-macOS";
				PRODUCT_NAME = "$(TARGET_NAME)";
				SDKROOT = macosx;
				SWIFT_EMIT_LOC_STRINGS = YES;
				SWIFT_VERSION = 5.0;
			};
			name = Debug;
		};
		F73D535A2A7AD25500E6DD91 /* Release */ = {
			isa = XCBuildConfiguration;
			buildSettings = {
				ASSETCATALOG_COMPILER_APPICON_NAME = AppIcon;
				ASSETCATALOG_COMPILER_GLOBAL_ACCENT_COLOR_NAME = AccentColor;
				CODE_SIGN_ENTITLEMENTS = "TodoSwiftUI-macOS/TodoSwiftUI_macOS.entitlements";
				CODE_SIGN_STYLE = Automatic;
				COMBINE_HIDPI_IMAGES = YES;
				CURRENT_PROJECT_VERSION = 1;
				DEVELOPMENT_ASSET_PATHS = "\"TodoSwiftUI-macOS/Preview Content\"";
				DEVELOPMENT_TEAM = YUUW8QNH75;
				ENABLE_HARDENED_RUNTIME = YES;
				ENABLE_PREVIEWS = YES;
				GENERATE_INFOPLIST_FILE = YES;
				INFOPLIST_KEY_NSHumanReadableCopyright = "";
				LD_RUNPATH_SEARCH_PATHS = (
					"$(inherited)",
					"@executable_path/../Frameworks",
				);
				MACOSX_DEPLOYMENT_TARGET = 13.3;
				MARKETING_VERSION = 1.0;
				PRODUCT_BUNDLE_IDENTIFIER = "app.example.TodoSwiftUI-macOS";
				PRODUCT_NAME = "$(TARGET_NAME)";
				SDKROOT = macosx;
				SWIFT_EMIT_LOC_STRINGS = YES;
				SWIFT_VERSION = 5.0;
			};
			name = Release;
		};
		F76C6A7C2A7AD37A006918D8 /* Debug */ = {
			isa = XCBuildConfiguration;
			buildSettings = {
				ASSETCATALOG_COMPILER_APPICON_NAME = AppIcon;
				ASSETCATALOG_COMPILER_GLOBAL_ACCENT_COLOR_NAME = AccentColor;
				CODE_SIGN_STYLE = Automatic;
				CURRENT_PROJECT_VERSION = 1;
				DEVELOPMENT_ASSET_PATHS = "\"TodoSwiftUI-watchOS Watch App/Preview Content\"";
				DEVELOPMENT_TEAM = YUUW8QNH75;
				ENABLE_PREVIEWS = YES;
				GENERATE_INFOPLIST_FILE = YES;
				INFOPLIST_KEY_CFBundleDisplayName = "TodoSwiftUI-watchOS";
				INFOPLIST_KEY_UISupportedInterfaceOrientations = "UIInterfaceOrientationPortrait UIInterfaceOrientationPortraitUpsideDown";
				INFOPLIST_KEY_WKCompanionAppBundleIdentifier = "";
				LD_RUNPATH_SEARCH_PATHS = (
					"$(inherited)",
					"@executable_path/Frameworks",
				);
				MARKETING_VERSION = 1.0;
				PRODUCT_BUNDLE_IDENTIFIER = .watchkitapp;
				PRODUCT_NAME = "$(TARGET_NAME)";
				SDKROOT = watchos;
				SKIP_INSTALL = YES;
				SWIFT_EMIT_LOC_STRINGS = YES;
				SWIFT_VERSION = 5.0;
				TARGETED_DEVICE_FAMILY = 4;
				WATCHOS_DEPLOYMENT_TARGET = 9.4;
			};
			name = Debug;
		};
		F76C6A7D2A7AD37A006918D8 /* Release */ = {
			isa = XCBuildConfiguration;
			buildSettings = {
				ASSETCATALOG_COMPILER_APPICON_NAME = AppIcon;
				ASSETCATALOG_COMPILER_GLOBAL_ACCENT_COLOR_NAME = AccentColor;
				CODE_SIGN_STYLE = Automatic;
				CURRENT_PROJECT_VERSION = 1;
				DEVELOPMENT_ASSET_PATHS = "\"TodoSwiftUI-watchOS Watch App/Preview Content\"";
				DEVELOPMENT_TEAM = YUUW8QNH75;
				ENABLE_PREVIEWS = YES;
				GENERATE_INFOPLIST_FILE = YES;
				INFOPLIST_KEY_CFBundleDisplayName = "TodoSwiftUI-watchOS";
				INFOPLIST_KEY_UISupportedInterfaceOrientations = "UIInterfaceOrientationPortrait UIInterfaceOrientationPortraitUpsideDown";
				INFOPLIST_KEY_WKCompanionAppBundleIdentifier = "";
				LD_RUNPATH_SEARCH_PATHS = (
					"$(inherited)",
					"@executable_path/Frameworks",
				);
				MARKETING_VERSION = 1.0;
				PRODUCT_BUNDLE_IDENTIFIER = .watchkitapp;
				PRODUCT_NAME = "$(TARGET_NAME)";
				SDKROOT = watchos;
				SKIP_INSTALL = YES;
				SWIFT_EMIT_LOC_STRINGS = YES;
				SWIFT_VERSION = 5.0;
				TARGETED_DEVICE_FAMILY = 4;
				VALIDATE_PRODUCT = YES;
				WATCHOS_DEPLOYMENT_TARGET = 9.4;
			};
			name = Release;
		};
		F7742E662A83423A00C81A77 /* Debug */ = {
			isa = XCBuildConfiguration;
			buildSettings = {
				ASSETCATALOG_COMPILER_APPICON_NAME = AppIcon;
				ASSETCATALOG_COMPILER_GLOBAL_ACCENT_COLOR_NAME = AccentColor;
				CODE_SIGN_ENTITLEMENTS = "TodoSwiftUI-macOS MenuBar App/TodoSwiftUI_macOS_MenuBar_App.entitlements";
				CODE_SIGN_STYLE = Automatic;
				COMBINE_HIDPI_IMAGES = YES;
				CURRENT_PROJECT_VERSION = 1;
				DEVELOPMENT_ASSET_PATHS = "\"TodoSwiftUI-macOS MenuBar App/Preview Content\"";
				DEVELOPMENT_TEAM = YUUW8QNH75;
				ENABLE_HARDENED_RUNTIME = YES;
				ENABLE_PREVIEWS = YES;
				GENERATE_INFOPLIST_FILE = YES;
				INFOPLIST_KEY_LSUIElement = YES;
				INFOPLIST_KEY_NSHumanReadableCopyright = "";
				LD_RUNPATH_SEARCH_PATHS = (
					"$(inherited)",
					"@executable_path/../Frameworks",
				);
				MACOSX_DEPLOYMENT_TARGET = 13.3;
				MARKETING_VERSION = 1.0;
				PRODUCT_BUNDLE_IDENTIFIER = "app.example.TodoSwiftUI-macOS-MenuBar-App";
				PRODUCT_NAME = "$(TARGET_NAME)";
				SDKROOT = macosx;
				SWIFT_EMIT_LOC_STRINGS = YES;
				SWIFT_VERSION = 5.0;
			};
			name = Debug;
		};
		F7742E672A83423A00C81A77 /* Release */ = {
			isa = XCBuildConfiguration;
			buildSettings = {
				ASSETCATALOG_COMPILER_APPICON_NAME = AppIcon;
				ASSETCATALOG_COMPILER_GLOBAL_ACCENT_COLOR_NAME = AccentColor;
				CODE_SIGN_ENTITLEMENTS = "TodoSwiftUI-macOS MenuBar App/TodoSwiftUI_macOS_MenuBar_App.entitlements";
				CODE_SIGN_STYLE = Automatic;
				COMBINE_HIDPI_IMAGES = YES;
				CURRENT_PROJECT_VERSION = 1;
				DEVELOPMENT_ASSET_PATHS = "\"TodoSwiftUI-macOS MenuBar App/Preview Content\"";
				DEVELOPMENT_TEAM = YUUW8QNH75;
				ENABLE_HARDENED_RUNTIME = YES;
				ENABLE_PREVIEWS = YES;
				GENERATE_INFOPLIST_FILE = YES;
				INFOPLIST_KEY_LSUIElement = YES;
				INFOPLIST_KEY_NSHumanReadableCopyright = "";
				LD_RUNPATH_SEARCH_PATHS = (
					"$(inherited)",
					"@executable_path/../Frameworks",
				);
				MACOSX_DEPLOYMENT_TARGET = 13.3;
				MARKETING_VERSION = 1.0;
				PRODUCT_BUNDLE_IDENTIFIER = "app.example.TodoSwiftUI-macOS-MenuBar-App";
				PRODUCT_NAME = "$(TARGET_NAME)";
				SDKROOT = macosx;
				SWIFT_EMIT_LOC_STRINGS = YES;
				SWIFT_VERSION = 5.0;
			};
			name = Release;
		};
		F7A014BD2A85D78D00B3A6C5 /* Debug */ = {
			isa = XCBuildConfiguration;
			buildSettings = {
				ASSETCATALOG_COMPILER_GLOBAL_ACCENT_COLOR_NAME = AccentColor;
				ASSETCATALOG_COMPILER_WIDGET_BACKGROUND_COLOR_NAME = WidgetBackground;
				CODE_SIGN_STYLE = Automatic;
				CURRENT_PROJECT_VERSION = 1;
				DEVELOPMENT_TEAM = YUUW8QNH75;
				GENERATE_INFOPLIST_FILE = YES;
				INFOPLIST_FILE = "TodoSwiftUI-iOS Widget/Info.plist";
				INFOPLIST_KEY_CFBundleDisplayName = "TodoSwiftUI-iOS Widget";
				INFOPLIST_KEY_NSHumanReadableCopyright = "";
				IPHONEOS_DEPLOYMENT_TARGET = 16.4;
				LD_RUNPATH_SEARCH_PATHS = (
					"$(inherited)",
					"@executable_path/Frameworks",
					"@executable_path/../../Frameworks",
				);
				MARKETING_VERSION = 1.0;
				PRODUCT_BUNDLE_IDENTIFIER = "app.example.TodoSwiftiUi.TodoSwiftUI-iOS-Widget";
				PRODUCT_NAME = "$(TARGET_NAME)";
				SDKROOT = iphoneos;
				SKIP_INSTALL = YES;
				SWIFT_EMIT_LOC_STRINGS = YES;
				SWIFT_VERSION = 5.0;
				TARGETED_DEVICE_FAMILY = "1,2";
			};
			name = Debug;
		};
		F7A014BE2A85D78D00B3A6C5 /* Release */ = {
			isa = XCBuildConfiguration;
			buildSettings = {
				ASSETCATALOG_COMPILER_GLOBAL_ACCENT_COLOR_NAME = AccentColor;
				ASSETCATALOG_COMPILER_WIDGET_BACKGROUND_COLOR_NAME = WidgetBackground;
				CODE_SIGN_STYLE = Automatic;
				CURRENT_PROJECT_VERSION = 1;
				DEVELOPMENT_TEAM = YUUW8QNH75;
				GENERATE_INFOPLIST_FILE = YES;
				INFOPLIST_FILE = "TodoSwiftUI-iOS Widget/Info.plist";
				INFOPLIST_KEY_CFBundleDisplayName = "TodoSwiftUI-iOS Widget";
				INFOPLIST_KEY_NSHumanReadableCopyright = "";
				IPHONEOS_DEPLOYMENT_TARGET = 16.4;
				LD_RUNPATH_SEARCH_PATHS = (
					"$(inherited)",
					"@executable_path/Frameworks",
					"@executable_path/../../Frameworks",
				);
				MARKETING_VERSION = 1.0;
				PRODUCT_BUNDLE_IDENTIFIER = "app.example.TodoSwiftiUi.TodoSwiftUI-iOS-Widget";
				PRODUCT_NAME = "$(TARGET_NAME)";
				SDKROOT = iphoneos;
				SKIP_INSTALL = YES;
				SWIFT_EMIT_LOC_STRINGS = YES;
				SWIFT_VERSION = 5.0;
				TARGETED_DEVICE_FAMILY = "1,2";
				VALIDATE_PRODUCT = YES;
			};
			name = Release;
		};
		F7A326D32A7A0E7C00060D9D /* Debug */ = {
			isa = XCBuildConfiguration;
			buildSettings = {
				ALWAYS_SEARCH_USER_PATHS = NO;
				CLANG_ANALYZER_NONNULL = YES;
				CLANG_ANALYZER_NUMBER_OBJECT_CONVERSION = YES_AGGRESSIVE;
				CLANG_CXX_LANGUAGE_STANDARD = "gnu++20";
				CLANG_ENABLE_MODULES = YES;
				CLANG_ENABLE_OBJC_ARC = YES;
				CLANG_ENABLE_OBJC_WEAK = YES;
				CLANG_WARN_BLOCK_CAPTURE_AUTORELEASING = YES;
				CLANG_WARN_BOOL_CONVERSION = YES;
				CLANG_WARN_COMMA = YES;
				CLANG_WARN_CONSTANT_CONVERSION = YES;
				CLANG_WARN_DEPRECATED_OBJC_IMPLEMENTATIONS = YES;
				CLANG_WARN_DIRECT_OBJC_ISA_USAGE = YES_ERROR;
				CLANG_WARN_DOCUMENTATION_COMMENTS = YES;
				CLANG_WARN_EMPTY_BODY = YES;
				CLANG_WARN_ENUM_CONVERSION = YES;
				CLANG_WARN_INFINITE_RECURSION = YES;
				CLANG_WARN_INT_CONVERSION = YES;
				CLANG_WARN_NON_LITERAL_NULL_CONVERSION = YES;
				CLANG_WARN_OBJC_IMPLICIT_RETAIN_SELF = YES;
				CLANG_WARN_OBJC_LITERAL_CONVERSION = YES;
				CLANG_WARN_OBJC_ROOT_CLASS = YES_ERROR;
				CLANG_WARN_QUOTED_INCLUDE_IN_FRAMEWORK_HEADER = YES;
				CLANG_WARN_RANGE_LOOP_ANALYSIS = YES;
				CLANG_WARN_STRICT_PROTOTYPES = YES;
				CLANG_WARN_SUSPICIOUS_MOVE = YES;
				CLANG_WARN_UNGUARDED_AVAILABILITY = YES_AGGRESSIVE;
				CLANG_WARN_UNREACHABLE_CODE = YES;
				CLANG_WARN__DUPLICATE_METHOD_MATCH = YES;
				COPY_PHASE_STRIP = NO;
				DEBUG_INFORMATION_FORMAT = dwarf;
				ENABLE_STRICT_OBJC_MSGSEND = YES;
				ENABLE_TESTABILITY = YES;
				GCC_C_LANGUAGE_STANDARD = gnu11;
				GCC_DYNAMIC_NO_PIC = NO;
				GCC_NO_COMMON_BLOCKS = YES;
				GCC_OPTIMIZATION_LEVEL = 0;
				GCC_PREPROCESSOR_DEFINITIONS = (
					"DEBUG=1",
					"$(inherited)",
				);
				GCC_WARN_64_TO_32_BIT_CONVERSION = YES;
				GCC_WARN_ABOUT_RETURN_TYPE = YES_ERROR;
				GCC_WARN_UNDECLARED_SELECTOR = YES;
				GCC_WARN_UNINITIALIZED_AUTOS = YES_AGGRESSIVE;
				GCC_WARN_UNUSED_FUNCTION = YES;
				GCC_WARN_UNUSED_VARIABLE = YES;
				MTL_ENABLE_DEBUG_INFO = INCLUDE_SOURCE;
				MTL_FAST_MATH = YES;
				ONLY_ACTIVE_ARCH = YES;
				SWIFT_ACTIVE_COMPILATION_CONDITIONS = DEBUG;
				SWIFT_OPTIMIZATION_LEVEL = "-Onone";
			};
			name = Debug;
		};
		F7A326D42A7A0E7C00060D9D /* Release */ = {
			isa = XCBuildConfiguration;
			buildSettings = {
				ALWAYS_SEARCH_USER_PATHS = NO;
				CLANG_ANALYZER_NONNULL = YES;
				CLANG_ANALYZER_NUMBER_OBJECT_CONVERSION = YES_AGGRESSIVE;
				CLANG_CXX_LANGUAGE_STANDARD = "gnu++20";
				CLANG_ENABLE_MODULES = YES;
				CLANG_ENABLE_OBJC_ARC = YES;
				CLANG_ENABLE_OBJC_WEAK = YES;
				CLANG_WARN_BLOCK_CAPTURE_AUTORELEASING = YES;
				CLANG_WARN_BOOL_CONVERSION = YES;
				CLANG_WARN_COMMA = YES;
				CLANG_WARN_CONSTANT_CONVERSION = YES;
				CLANG_WARN_DEPRECATED_OBJC_IMPLEMENTATIONS = YES;
				CLANG_WARN_DIRECT_OBJC_ISA_USAGE = YES_ERROR;
				CLANG_WARN_DOCUMENTATION_COMMENTS = YES;
				CLANG_WARN_EMPTY_BODY = YES;
				CLANG_WARN_ENUM_CONVERSION = YES;
				CLANG_WARN_INFINITE_RECURSION = YES;
				CLANG_WARN_INT_CONVERSION = YES;
				CLANG_WARN_NON_LITERAL_NULL_CONVERSION = YES;
				CLANG_WARN_OBJC_IMPLICIT_RETAIN_SELF = YES;
				CLANG_WARN_OBJC_LITERAL_CONVERSION = YES;
				CLANG_WARN_OBJC_ROOT_CLASS = YES_ERROR;
				CLANG_WARN_QUOTED_INCLUDE_IN_FRAMEWORK_HEADER = YES;
				CLANG_WARN_RANGE_LOOP_ANALYSIS = YES;
				CLANG_WARN_STRICT_PROTOTYPES = YES;
				CLANG_WARN_SUSPICIOUS_MOVE = YES;
				CLANG_WARN_UNGUARDED_AVAILABILITY = YES_AGGRESSIVE;
				CLANG_WARN_UNREACHABLE_CODE = YES;
				CLANG_WARN__DUPLICATE_METHOD_MATCH = YES;
				COPY_PHASE_STRIP = NO;
				DEBUG_INFORMATION_FORMAT = "dwarf-with-dsym";
				ENABLE_NS_ASSERTIONS = NO;
				ENABLE_STRICT_OBJC_MSGSEND = YES;
				GCC_C_LANGUAGE_STANDARD = gnu11;
				GCC_NO_COMMON_BLOCKS = YES;
				GCC_WARN_64_TO_32_BIT_CONVERSION = YES;
				GCC_WARN_ABOUT_RETURN_TYPE = YES_ERROR;
				GCC_WARN_UNDECLARED_SELECTOR = YES;
				GCC_WARN_UNINITIALIZED_AUTOS = YES_AGGRESSIVE;
				GCC_WARN_UNUSED_FUNCTION = YES;
				GCC_WARN_UNUSED_VARIABLE = YES;
				MTL_ENABLE_DEBUG_INFO = NO;
				MTL_FAST_MATH = YES;
				SWIFT_COMPILATION_MODE = wholemodule;
				SWIFT_OPTIMIZATION_LEVEL = "-O";
			};
			name = Release;
		};
		F7A326D62A7A0E7C00060D9D /* Debug */ = {
			isa = XCBuildConfiguration;
			buildSettings = {
				ALWAYS_EMBED_SWIFT_STANDARD_LIBRARIES = YES;
				ASSETCATALOG_COMPILER_APPICON_NAME = AppIcon;
				ASSETCATALOG_COMPILER_GLOBAL_ACCENT_COLOR_NAME = AccentColor;
				CODE_SIGN_ENTITLEMENTS = "TodoSwiftUI-iOS/TodoSwiftUi.entitlements";
				CODE_SIGN_STYLE = Automatic;
				CURRENT_PROJECT_VERSION = 1;
				DEVELOPMENT_ASSET_PATHS = "\"TodoSwiftUI-iOS/Preview Content\"";
				DEVELOPMENT_TEAM = YUUW8QNH75;
				ENABLE_HARDENED_RUNTIME = YES;
				ENABLE_PREVIEWS = YES;
				GENERATE_INFOPLIST_FILE = YES;
				"INFOPLIST_KEY_UIApplicationSceneManifest_Generation[sdk=iphoneos*]" = YES;
				"INFOPLIST_KEY_UIApplicationSceneManifest_Generation[sdk=iphonesimulator*]" = YES;
				"INFOPLIST_KEY_UIApplicationSupportsIndirectInputEvents[sdk=iphoneos*]" = YES;
				"INFOPLIST_KEY_UIApplicationSupportsIndirectInputEvents[sdk=iphonesimulator*]" = YES;
				"INFOPLIST_KEY_UILaunchScreen_Generation[sdk=iphoneos*]" = YES;
				"INFOPLIST_KEY_UILaunchScreen_Generation[sdk=iphonesimulator*]" = YES;
				"INFOPLIST_KEY_UIStatusBarStyle[sdk=iphoneos*]" = UIStatusBarStyleDefault;
				"INFOPLIST_KEY_UIStatusBarStyle[sdk=iphonesimulator*]" = UIStatusBarStyleDefault;
				INFOPLIST_KEY_UISupportedInterfaceOrientations_iPad = "UIInterfaceOrientationPortrait UIInterfaceOrientationPortraitUpsideDown UIInterfaceOrientationLandscapeLeft UIInterfaceOrientationLandscapeRight";
				INFOPLIST_KEY_UISupportedInterfaceOrientations_iPhone = "UIInterfaceOrientationPortrait UIInterfaceOrientationLandscapeLeft UIInterfaceOrientationLandscapeRight";
				IPHONEOS_DEPLOYMENT_TARGET = 16.4;
				LD_RUNPATH_SEARCH_PATHS = "@executable_path/Frameworks";
				"LD_RUNPATH_SEARCH_PATHS[sdk=macosx*]" = "@executable_path/../Frameworks";
				MACOSX_DEPLOYMENT_TARGET = 13.3;
				MARKETING_VERSION = 1.0;
				PRODUCT_BUNDLE_IDENTIFIER = app.example.TodoSwiftiUi;
				PRODUCT_NAME = "$(TARGET_NAME)";
				SDKROOT = auto;
				SUPPORTED_PLATFORMS = "iphoneos iphonesimulator";
				SUPPORTS_MACCATALYST = NO;
				SUPPORTS_MAC_DESIGNED_FOR_IPHONE_IPAD = NO;
				SWIFT_EMIT_LOC_STRINGS = YES;
				SWIFT_VERSION = 5.0;
				TARGETED_DEVICE_FAMILY = "1,2";
			};
			name = Debug;
		};
		F7A326D72A7A0E7C00060D9D /* Release */ = {
			isa = XCBuildConfiguration;
			buildSettings = {
				ALWAYS_EMBED_SWIFT_STANDARD_LIBRARIES = YES;
				ASSETCATALOG_COMPILER_APPICON_NAME = AppIcon;
				ASSETCATALOG_COMPILER_GLOBAL_ACCENT_COLOR_NAME = AccentColor;
				CODE_SIGN_ENTITLEMENTS = "TodoSwiftUI-iOS/TodoSwiftUi.entitlements";
				CODE_SIGN_STYLE = Automatic;
				CURRENT_PROJECT_VERSION = 1;
				DEVELOPMENT_ASSET_PATHS = "\"TodoSwiftUI-iOS/Preview Content\"";
				DEVELOPMENT_TEAM = YUUW8QNH75;
				ENABLE_HARDENED_RUNTIME = YES;
				ENABLE_PREVIEWS = YES;
				GENERATE_INFOPLIST_FILE = YES;
				"INFOPLIST_KEY_UIApplicationSceneManifest_Generation[sdk=iphoneos*]" = YES;
				"INFOPLIST_KEY_UIApplicationSceneManifest_Generation[sdk=iphonesimulator*]" = YES;
				"INFOPLIST_KEY_UIApplicationSupportsIndirectInputEvents[sdk=iphoneos*]" = YES;
				"INFOPLIST_KEY_UIApplicationSupportsIndirectInputEvents[sdk=iphonesimulator*]" = YES;
				"INFOPLIST_KEY_UILaunchScreen_Generation[sdk=iphoneos*]" = YES;
				"INFOPLIST_KEY_UILaunchScreen_Generation[sdk=iphonesimulator*]" = YES;
				"INFOPLIST_KEY_UIStatusBarStyle[sdk=iphoneos*]" = UIStatusBarStyleDefault;
				"INFOPLIST_KEY_UIStatusBarStyle[sdk=iphonesimulator*]" = UIStatusBarStyleDefault;
				INFOPLIST_KEY_UISupportedInterfaceOrientations_iPad = "UIInterfaceOrientationPortrait UIInterfaceOrientationPortraitUpsideDown UIInterfaceOrientationLandscapeLeft UIInterfaceOrientationLandscapeRight";
				INFOPLIST_KEY_UISupportedInterfaceOrientations_iPhone = "UIInterfaceOrientationPortrait UIInterfaceOrientationLandscapeLeft UIInterfaceOrientationLandscapeRight";
				IPHONEOS_DEPLOYMENT_TARGET = 16.4;
				LD_RUNPATH_SEARCH_PATHS = "@executable_path/Frameworks";
				"LD_RUNPATH_SEARCH_PATHS[sdk=macosx*]" = "@executable_path/../Frameworks";
				MACOSX_DEPLOYMENT_TARGET = 13.3;
				MARKETING_VERSION = 1.0;
				PRODUCT_BUNDLE_IDENTIFIER = app.example.TodoSwiftiUi;
				PRODUCT_NAME = "$(TARGET_NAME)";
				SDKROOT = auto;
				SUPPORTED_PLATFORMS = "iphoneos iphonesimulator";
				SUPPORTS_MACCATALYST = NO;
				SUPPORTS_MAC_DESIGNED_FOR_IPHONE_IPAD = NO;
				SWIFT_EMIT_LOC_STRINGS = YES;
				SWIFT_VERSION = 5.0;
				TARGETED_DEVICE_FAMILY = "1,2";
			};
			name = Release;
		};
/* End XCBuildConfiguration section */

/* Begin XCConfigurationList section */
		F7074F182A7AD16E0055B5A8 /* Build configuration list for PBXNativeTarget "TodoSwiftUI-tvOS" */ = {
			isa = XCConfigurationList;
			buildConfigurations = (
				F7074F192A7AD16E0055B5A8 /* Debug */,
				F7074F1A2A7AD16E0055B5A8 /* Release */,
			);
			defaultConfigurationIsVisible = 0;
			defaultConfigurationName = Release;
		};
		F73D53582A7AD25500E6DD91 /* Build configuration list for PBXNativeTarget "TodoSwiftUI-macOS" */ = {
			isa = XCConfigurationList;
			buildConfigurations = (
				F73D53592A7AD25500E6DD91 /* Debug */,
				F73D535A2A7AD25500E6DD91 /* Release */,
			);
			defaultConfigurationIsVisible = 0;
			defaultConfigurationName = Release;
		};
		F76C6A7B2A7AD37A006918D8 /* Build configuration list for PBXNativeTarget "TodoSwiftUI-watchOS Watch App" */ = {
			isa = XCConfigurationList;
			buildConfigurations = (
				F76C6A7C2A7AD37A006918D8 /* Debug */,
				F76C6A7D2A7AD37A006918D8 /* Release */,
			);
			defaultConfigurationIsVisible = 0;
			defaultConfigurationName = Release;
		};
		F7742E682A83423A00C81A77 /* Build configuration list for PBXNativeTarget "TodoSwiftUI-macOS MenuBar App" */ = {
			isa = XCConfigurationList;
			buildConfigurations = (
				F7742E662A83423A00C81A77 /* Debug */,
				F7742E672A83423A00C81A77 /* Release */,
			);
			defaultConfigurationIsVisible = 0;
			defaultConfigurationName = Release;
		};
		F7A014BF2A85D78D00B3A6C5 /* Build configuration list for PBXNativeTarget "TodoSwiftUI-iOS WidgetExtension" */ = {
			isa = XCConfigurationList;
			buildConfigurations = (
				F7A014BD2A85D78D00B3A6C5 /* Debug */,
				F7A014BE2A85D78D00B3A6C5 /* Release */,
			);
			defaultConfigurationIsVisible = 0;
			defaultConfigurationName = Release;
		};
		F7A326C12A7A0E7A00060D9D /* Build configuration list for PBXProject "TodoSwiftUI" */ = {
			isa = XCConfigurationList;
			buildConfigurations = (
				F7A326D32A7A0E7C00060D9D /* Debug */,
				F7A326D42A7A0E7C00060D9D /* Release */,
			);
			defaultConfigurationIsVisible = 0;
			defaultConfigurationName = Release;
		};
		F7A326D52A7A0E7C00060D9D /* Build configuration list for PBXNativeTarget "TodoSwiftUI-iOS" */ = {
			isa = XCConfigurationList;
			buildConfigurations = (
				F7A326D62A7A0E7C00060D9D /* Debug */,
				F7A326D72A7A0E7C00060D9D /* Release */,
			);
			defaultConfigurationIsVisible = 0;
			defaultConfigurationName = Release;
		};
/* End XCConfigurationList section */
	};
	rootObject = F7A326BE2A7A0E7A00060D9D /* Project object */;
}
